// !$*UTF8*$!
{
	archiveVersion = 1;
	classes = {
	};
	objectVersion = 56;
	objects = {

/* Begin PBXBuildFile section */
		336A94F72ADC657500F43B13 /* menu.mp3 in Resources */ = {isa = PBXBuildFile; fileRef = 336A94ED2ADC657500F43B13 /* menu.mp3 */; };
		336A94F82ADC657500F43B13 /* gameFinished.mp3 in Resources */ = {isa = PBXBuildFile; fileRef = 336A94EE2ADC657500F43B13 /* gameFinished.mp3 */; };
		336A94F92ADC657500F43B13 /* hit3.mp3 in Resources */ = {isa = PBXBuildFile; fileRef = 336A94EF2ADC657500F43B13 /* hit3.mp3 */; };
		336A94FA2ADC657500F43B13 /* shot2.mp3 in Resources */ = {isa = PBXBuildFile; fileRef = 336A94F02ADC657500F43B13 /* shot2.mp3 */; };
		336A94FB2ADC657500F43B13 /* backgroundMusic2.mp3 in Resources */ = {isa = PBXBuildFile; fileRef = 336A94F12ADC657500F43B13 /* backgroundMusic2.mp3 */; };
		336A94FC2ADC657500F43B13 /* hit2.mp3 in Resources */ = {isa = PBXBuildFile; fileRef = 336A94F22ADC657500F43B13 /* hit2.mp3 */; };
		336A94FD2ADC657500F43B13 /* miss.mp3 in Resources */ = {isa = PBXBuildFile; fileRef = 336A94F32ADC657500F43B13 /* miss.mp3 */; };
		336A94FE2ADC657500F43B13 /* shot1.mp3 in Resources */ = {isa = PBXBuildFile; fileRef = 336A94F42ADC657500F43B13 /* shot1.mp3 */; };
		336A94FF2ADC657500F43B13 /* backgroundMusic1.mp3 in Resources */ = {isa = PBXBuildFile; fileRef = 336A94F52ADC657500F43B13 /* backgroundMusic1.mp3 */; };
		336A95002ADC657500F43B13 /* hit1.mp3 in Resources */ = {isa = PBXBuildFile; fileRef = 336A94F62ADC657500F43B13 /* hit1.mp3 */; };
		336A95052ADC6A0900F43B13 /* AnimationModels.swift in Sources */ = {isa = PBXBuildFile; fileRef = 336A95042ADC6A0900F43B13 /* AnimationModels.swift */; };
		336A95192ADC7E2100F43B13 /* animation1.json in Resources */ = {isa = PBXBuildFile; fileRef = 336A95162ADC7E2100F43B13 /* animation1.json */; };
		336A951A2ADC7E2100F43B13 /* animation2.json in Resources */ = {isa = PBXBuildFile; fileRef = 336A95172ADC7E2100F43B13 /* animation2.json */; };
		336A951B2ADC7E2100F43B13 /* animation3.json in Resources */ = {isa = PBXBuildFile; fileRef = 336A95182ADC7E2100F43B13 /* animation3.json */; };
		336A95212ADDCAB200F43B13 /* UIViewController.swift in Sources */ = {isa = PBXBuildFile; fileRef = 336A95202ADDCAB200F43B13 /* UIViewController.swift */; };
		336A95242ADDD92300F43B13 /* UIView.swift in Sources */ = {isa = PBXBuildFile; fileRef = 336A95232ADDD92300F43B13 /* UIView.swift */; };
		336A95272ADEDE1E00F43B13 /* StorageModels.swift in Sources */ = {isa = PBXBuildFile; fileRef = 336A95262ADEDE1E00F43B13 /* StorageModels.swift */; };
		336A952C2ADF1B8200F43B13 /* Notification.swift in Sources */ = {isa = PBXBuildFile; fileRef = 336A952B2ADF1B8200F43B13 /* Notification.swift */; };
		336A952F2AE1377000F43B13 /* animation4.json in Resources */ = {isa = PBXBuildFile; fileRef = 336A952D2AE1377000F43B13 /* animation4.json */; };
		336A95302AE1377000F43B13 /* strengthIndicator.json in Resources */ = {isa = PBXBuildFile; fileRef = 336A952E2AE1377000F43B13 /* strengthIndicator.json */; };
		336A95372AE1413B00F43B13 /* GoogleService-Info.plist in Resources */ = {isa = PBXBuildFile; fileRef = 336A95362AE1413B00F43B13 /* GoogleService-Info.plist */; };
		336A95392AE180D900F43B13 /* PauseViewController.swift in Sources */ = {isa = PBXBuildFile; fileRef = 336A95382AE180D900F43B13 /* PauseViewController.swift */; };
		336A953B2AE20DE400F43B13 /* UIImage.swift in Sources */ = {isa = PBXBuildFile; fileRef = 336A953A2AE20DE400F43B13 /* UIImage.swift */; };
		336A953E2AE21C0100F43B13 /* Lottie in Frameworks */ = {isa = PBXBuildFile; productRef = 336A953D2AE21C0100F43B13 /* Lottie */; };
		336A95412AE21C7B00F43B13 /* FirebaseAnalyticsWithoutAdIdSupport in Frameworks */ = {isa = PBXBuildFile; productRef = 336A95402AE21C7B00F43B13 /* FirebaseAnalyticsWithoutAdIdSupport */; };
		336A95432AE21C7B00F43B13 /* FirebaseCrashlytics in Frameworks */ = {isa = PBXBuildFile; productRef = 336A95422AE21C7B00F43B13 /* FirebaseCrashlytics */; };
		33A293532AC44EF6008D9B9C /* LevelBuilder.swift in Sources */ = {isa = PBXBuildFile; fileRef = 33A293522AC44EF6008D9B9C /* LevelBuilder.swift */; };
		33A293542AC44EF6008D9B9C /* LevelBuilder.swift in Sources */ = {isa = PBXBuildFile; fileRef = 33A293522AC44EF6008D9B9C /* LevelBuilder.swift */; };
		33A293562AC44F00008D9B9C /* GameManager.swift in Sources */ = {isa = PBXBuildFile; fileRef = 33A293552AC44F00008D9B9C /* GameManager.swift */; };
		33A293572AC44F00008D9B9C /* GameManager.swift in Sources */ = {isa = PBXBuildFile; fileRef = 33A293552AC44F00008D9B9C /* GameManager.swift */; };
		33A2935D2AC46A4D008D9B9C /* LevelModel.swift in Sources */ = {isa = PBXBuildFile; fileRef = 33A2935C2AC46A4D008D9B9C /* LevelModel.swift */; };
		33A2935E2AC46A4D008D9B9C /* LevelModel.swift in Sources */ = {isa = PBXBuildFile; fileRef = 33A2935C2AC46A4D008D9B9C /* LevelModel.swift */; };
		33A293612AC4B0D8008D9B9C /* StorageManager.swift in Sources */ = {isa = PBXBuildFile; fileRef = 33A293602AC4B0D8008D9B9C /* StorageManager.swift */; };
		33A293622AC4B0D8008D9B9C /* StorageManager.swift in Sources */ = {isa = PBXBuildFile; fileRef = 33A293602AC4B0D8008D9B9C /* StorageManager.swift */; };
		33A2939A2ACB1B67008D9B9C /* PhysicsManager.swift in Sources */ = {isa = PBXBuildFile; fileRef = 33A293992ACB1B67008D9B9C /* PhysicsManager.swift */; };
		33A2939B2ACB1B67008D9B9C /* PhysicsManager.swift in Sources */ = {isa = PBXBuildFile; fileRef = 33A293992ACB1B67008D9B9C /* PhysicsManager.swift */; };
		33A2939C2ACB1B67008D9B9C /* PhysicsManager.swift in Sources */ = {isa = PBXBuildFile; fileRef = 33A293992ACB1B67008D9B9C /* PhysicsManager.swift */; };
		33A5416C2AE2742C00657E8E /* StorageManagerTests.swift in Sources */ = {isa = PBXBuildFile; fileRef = 33A5416B2AE2742C00657E8E /* StorageManagerTests.swift */; };
		33A5416E2AE2745F00657E8E /* ExtensionsTests.swift in Sources */ = {isa = PBXBuildFile; fileRef = 33A5416D2AE2745F00657E8E /* ExtensionsTests.swift */; };
		33A541702AE2747100657E8E /* PhysicsManagerTests.swift in Sources */ = {isa = PBXBuildFile; fileRef = 33A5416F2AE2747100657E8E /* PhysicsManagerTests.swift */; };
		33A541722AE2748100657E8E /* LevelManagerTests.swift in Sources */ = {isa = PBXBuildFile; fileRef = 33A541712AE2748100657E8E /* LevelManagerTests.swift */; };
		33A541772AE274D400657E8E /* FirebaseAnalyticsWithoutAdIdSupport in Frameworks */ = {isa = PBXBuildFile; productRef = 33A541762AE274D400657E8E /* FirebaseAnalyticsWithoutAdIdSupport */; };
		33A541792AE274D400657E8E /* FirebaseCrashlytics in Frameworks */ = {isa = PBXBuildFile; productRef = 33A541782AE274D400657E8E /* FirebaseCrashlytics */; };
		33A5417D2AE274E300657E8E /* FirebaseAnalytics in Frameworks */ = {isa = PBXBuildFile; productRef = 33A5417C2AE274E300657E8E /* FirebaseAnalytics */; };
		33A5417F2AE274E300657E8E /* FirebaseCrashlytics in Frameworks */ = {isa = PBXBuildFile; productRef = 33A5417E2AE274E300657E8E /* FirebaseCrashlytics */; };
		33A541802AE2779B00657E8E /* GameModels.swift in Sources */ = {isa = PBXBuildFile; fileRef = E887FCAC2AD073BA0056999E /* GameModels.swift */; };
		33A541812AE2779F00657E8E /* HealthManager.swift in Sources */ = {isa = PBXBuildFile; fileRef = E887FCAE2AD073D10056999E /* HealthManager.swift */; };
		33A541822AE277A400657E8E /* HealthManager.swift in Sources */ = {isa = PBXBuildFile; fileRef = E887FCAE2AD073D10056999E /* HealthManager.swift */; };
		33A541832AE277A700657E8E /* GameModels.swift in Sources */ = {isa = PBXBuildFile; fileRef = E887FCAC2AD073BA0056999E /* GameModels.swift */; };
		33A541842AE277AA00657E8E /* GameManager.swift in Sources */ = {isa = PBXBuildFile; fileRef = 33A293552AC44F00008D9B9C /* GameManager.swift */; };
		33A541852AE277AF00657E8E /* LevelBuilder.swift in Sources */ = {isa = PBXBuildFile; fileRef = 33A293522AC44EF6008D9B9C /* LevelBuilder.swift */; };
		33A541862AE277B200657E8E /* LevelModel.swift in Sources */ = {isa = PBXBuildFile; fileRef = 33A2935C2AC46A4D008D9B9C /* LevelModel.swift */; };
		33A541872AE277B700657E8E /* StorageManager.swift in Sources */ = {isa = PBXBuildFile; fileRef = 33A293602AC4B0D8008D9B9C /* StorageManager.swift */; };
		33A541882AE277BD00657E8E /* StorageModels.swift in Sources */ = {isa = PBXBuildFile; fileRef = 336A95262ADEDE1E00F43B13 /* StorageModels.swift */; };
		33A541892AE277BD00657E8E /* StorageModels.swift in Sources */ = {isa = PBXBuildFile; fileRef = 336A95262ADEDE1E00F43B13 /* StorageModels.swift */; };
		33A5418A2AE277FC00657E8E /* AnimationModels.swift in Sources */ = {isa = PBXBuildFile; fileRef = 336A95042ADC6A0900F43B13 /* AnimationModels.swift */; };
		33A5418B2AE277FC00657E8E /* AnimationModels.swift in Sources */ = {isa = PBXBuildFile; fileRef = 336A95042ADC6A0900F43B13 /* AnimationModels.swift */; };
		33A5418C2AE2782300657E8E /* UIViewController.swift in Sources */ = {isa = PBXBuildFile; fileRef = 336A95202ADDCAB200F43B13 /* UIViewController.swift */; };
		33A5418D2AE2782400657E8E /* UIViewController.swift in Sources */ = {isa = PBXBuildFile; fileRef = 336A95202ADDCAB200F43B13 /* UIViewController.swift */; };
		33A5418E2AE2782800657E8E /* UIView.swift in Sources */ = {isa = PBXBuildFile; fileRef = 336A95232ADDD92300F43B13 /* UIView.swift */; };
		33A5418F2AE2782900657E8E /* UIView.swift in Sources */ = {isa = PBXBuildFile; fileRef = 336A95232ADDD92300F43B13 /* UIView.swift */; };
		33A541902AE2783100657E8E /* Notification.swift in Sources */ = {isa = PBXBuildFile; fileRef = 336A952B2ADF1B8200F43B13 /* Notification.swift */; };
		33A541912AE2783100657E8E /* Notification.swift in Sources */ = {isa = PBXBuildFile; fileRef = 336A952B2ADF1B8200F43B13 /* Notification.swift */; };
		33A541922AE2783400657E8E /* UIImage.swift in Sources */ = {isa = PBXBuildFile; fileRef = 336A953A2AE20DE400F43B13 /* UIImage.swift */; };
		33A541932AE2783400657E8E /* UIImage.swift in Sources */ = {isa = PBXBuildFile; fileRef = 336A953A2AE20DE400F43B13 /* UIImage.swift */; };
		33A541942AE2784800657E8E /* PauseViewController.swift in Sources */ = {isa = PBXBuildFile; fileRef = 336A95382AE180D900F43B13 /* PauseViewController.swift */; };
		33A541952AE2784900657E8E /* PauseViewController.swift in Sources */ = {isa = PBXBuildFile; fileRef = 336A95382AE180D900F43B13 /* PauseViewController.swift */; };
		33E8D3E02AD0456300C3892C /* PhysicsModels.swift in Sources */ = {isa = PBXBuildFile; fileRef = 33E8D3DF2AD0456300C3892C /* PhysicsModels.swift */; };
		33E8D3E12AD0456300C3892C /* PhysicsModels.swift in Sources */ = {isa = PBXBuildFile; fileRef = 33E8D3DF2AD0456300C3892C /* PhysicsModels.swift */; };
		33E8D3E22AD0456300C3892C /* PhysicsModels.swift in Sources */ = {isa = PBXBuildFile; fileRef = 33E8D3DF2AD0456300C3892C /* PhysicsModels.swift */; };
		33E8D3E52AD2AB2600C3892C /* CGFloat.swift in Sources */ = {isa = PBXBuildFile; fileRef = 33E8D3E42AD2AB2600C3892C /* CGFloat.swift */; };
		33E8D3E62AD2AB2600C3892C /* CGFloat.swift in Sources */ = {isa = PBXBuildFile; fileRef = 33E8D3E42AD2AB2600C3892C /* CGFloat.swift */; };
		33E8D3E72AD2AB2600C3892C /* CGFloat.swift in Sources */ = {isa = PBXBuildFile; fileRef = 33E8D3E42AD2AB2600C3892C /* CGFloat.swift */; };
		33E8D3EA2AD52E9400C3892C /* AudioManager.swift in Sources */ = {isa = PBXBuildFile; fileRef = 33E8D3E92AD52E9400C3892C /* AudioManager.swift */; };
		33E8D3EB2AD52E9400C3892C /* AudioManager.swift in Sources */ = {isa = PBXBuildFile; fileRef = 33E8D3E92AD52E9400C3892C /* AudioManager.swift */; };
		33E8D3EC2AD52E9400C3892C /* AudioManager.swift in Sources */ = {isa = PBXBuildFile; fileRef = 33E8D3E92AD52E9400C3892C /* AudioManager.swift */; };
		33E8D3EF2AD52EBF00C3892C /* AudioModels.swift in Sources */ = {isa = PBXBuildFile; fileRef = 33E8D3EE2AD52EBF00C3892C /* AudioModels.swift */; };
		33E8D3F02AD52EBF00C3892C /* AudioModels.swift in Sources */ = {isa = PBXBuildFile; fileRef = 33E8D3EE2AD52EBF00C3892C /* AudioModels.swift */; };
		33E8D3F12AD52EBF00C3892C /* AudioModels.swift in Sources */ = {isa = PBXBuildFile; fileRef = 33E8D3EE2AD52EBF00C3892C /* AudioModels.swift */; };
		33E8D4352AD54B8B00C3892C /* HapticsManager.swift in Sources */ = {isa = PBXBuildFile; fileRef = 33E8D4342AD54B8B00C3892C /* HapticsManager.swift */; };
		33E8D4362AD54B8B00C3892C /* HapticsManager.swift in Sources */ = {isa = PBXBuildFile; fileRef = 33E8D4342AD54B8B00C3892C /* HapticsManager.swift */; };
		33E8D4372AD54B8B00C3892C /* HapticsManager.swift in Sources */ = {isa = PBXBuildFile; fileRef = 33E8D4342AD54B8B00C3892C /* HapticsManager.swift */; };
		33E8D43A2AD54B9D00C3892C /* HapticModels.swift in Sources */ = {isa = PBXBuildFile; fileRef = 33E8D4392AD54B9D00C3892C /* HapticModels.swift */; };
		33E8D43B2AD54B9D00C3892C /* HapticModels.swift in Sources */ = {isa = PBXBuildFile; fileRef = 33E8D4392AD54B9D00C3892C /* HapticModels.swift */; };
		33E8D43C2AD54B9D00C3892C /* HapticModels.swift in Sources */ = {isa = PBXBuildFile; fileRef = 33E8D4392AD54B9D00C3892C /* HapticModels.swift */; };
		33F00D602ABCB4CB00A5D5B2 /* AppDelegate.swift in Sources */ = {isa = PBXBuildFile; fileRef = 33F00D5F2ABCB4CB00A5D5B2 /* AppDelegate.swift */; };
		33F00D622ABCB4CB00A5D5B2 /* SceneDelegate.swift in Sources */ = {isa = PBXBuildFile; fileRef = 33F00D612ABCB4CB00A5D5B2 /* SceneDelegate.swift */; };
		33F00D642ABCB4CB00A5D5B2 /* RootViewController.swift in Sources */ = {isa = PBXBuildFile; fileRef = 33F00D632ABCB4CB00A5D5B2 /* RootViewController.swift */; };
		33F00D672ABCB4CB00A5D5B2 /* Main.storyboard in Resources */ = {isa = PBXBuildFile; fileRef = 33F00D652ABCB4CB00A5D5B2 /* Main.storyboard */; };
		33F00D6C2ABCB4CC00A5D5B2 /* Assets.xcassets in Resources */ = {isa = PBXBuildFile; fileRef = 33F00D6B2ABCB4CC00A5D5B2 /* Assets.xcassets */; };
		33F00D6F2ABCB4CC00A5D5B2 /* LaunchScreen.storyboard in Resources */ = {isa = PBXBuildFile; fileRef = 33F00D6D2ABCB4CC00A5D5B2 /* LaunchScreen.storyboard */; };
		33F00D7A2ABCB4CC00A5D5B2 /* GameManagerTests.swift in Sources */ = {isa = PBXBuildFile; fileRef = 33F00D792ABCB4CC00A5D5B2 /* GameManagerTests.swift */; };
		33F00D842ABCB4CC00A5D5B2 /* Greedy_KingsUITests.swift in Sources */ = {isa = PBXBuildFile; fileRef = 33F00D832ABCB4CC00A5D5B2 /* Greedy_KingsUITests.swift */; };
		33F00D862ABCB4CC00A5D5B2 /* Greedy_KingsUITestsLaunchTests.swift in Sources */ = {isa = PBXBuildFile; fileRef = 33F00D852ABCB4CC00A5D5B2 /* Greedy_KingsUITestsLaunchTests.swift */; };
		33F00DB32ABDC41700A5D5B2 /* MainMenuModels.swift in Sources */ = {isa = PBXBuildFile; fileRef = 33F00DB22ABDC41700A5D5B2 /* MainMenuModels.swift */; };
		33F00DB42ABDC41700A5D5B2 /* MainMenuModels.swift in Sources */ = {isa = PBXBuildFile; fileRef = 33F00DB22ABDC41700A5D5B2 /* MainMenuModels.swift */; };
		33F00DB52ABDC41700A5D5B2 /* MainMenuModels.swift in Sources */ = {isa = PBXBuildFile; fileRef = 33F00DB22ABDC41700A5D5B2 /* MainMenuModels.swift */; };
		33F00DB72ABDC42700A5D5B2 /* MainMenuViewModel.swift in Sources */ = {isa = PBXBuildFile; fileRef = 33F00DB62ABDC42700A5D5B2 /* MainMenuViewModel.swift */; };
		33F00DB82ABDC42700A5D5B2 /* MainMenuViewModel.swift in Sources */ = {isa = PBXBuildFile; fileRef = 33F00DB62ABDC42700A5D5B2 /* MainMenuViewModel.swift */; };
		33F00DB92ABDC42700A5D5B2 /* MainMenuViewModel.swift in Sources */ = {isa = PBXBuildFile; fileRef = 33F00DB62ABDC42700A5D5B2 /* MainMenuViewModel.swift */; };
		33F00DBB2ABDC44E00A5D5B2 /* GameSceneViewModel.swift in Sources */ = {isa = PBXBuildFile; fileRef = 33F00DBA2ABDC44E00A5D5B2 /* GameSceneViewModel.swift */; };
		33F00DBC2ABDC44E00A5D5B2 /* GameSceneViewModel.swift in Sources */ = {isa = PBXBuildFile; fileRef = 33F00DBA2ABDC44E00A5D5B2 /* GameSceneViewModel.swift */; };
		33F00DBD2ABDC44E00A5D5B2 /* GameSceneViewModel.swift in Sources */ = {isa = PBXBuildFile; fileRef = 33F00DBA2ABDC44E00A5D5B2 /* GameSceneViewModel.swift */; };
		33F00DBF2ABDC45600A5D5B2 /* GameSceneModels.swift in Sources */ = {isa = PBXBuildFile; fileRef = 33F00DBE2ABDC45600A5D5B2 /* GameSceneModels.swift */; };
		33F00DC02ABDC45600A5D5B2 /* GameSceneModels.swift in Sources */ = {isa = PBXBuildFile; fileRef = 33F00DBE2ABDC45600A5D5B2 /* GameSceneModels.swift */; };
		33F00DC12ABDC45600A5D5B2 /* GameSceneModels.swift in Sources */ = {isa = PBXBuildFile; fileRef = 33F00DBE2ABDC45600A5D5B2 /* GameSceneModels.swift */; };
		33F00DC72ABDC49800A5D5B2 /* LevelsViewModel.swift in Sources */ = {isa = PBXBuildFile; fileRef = 33F00DC62ABDC49800A5D5B2 /* LevelsViewModel.swift */; };
		33F00DC82ABDC49800A5D5B2 /* LevelsViewModel.swift in Sources */ = {isa = PBXBuildFile; fileRef = 33F00DC62ABDC49800A5D5B2 /* LevelsViewModel.swift */; };
		33F00DC92ABDC49800A5D5B2 /* LevelsViewModel.swift in Sources */ = {isa = PBXBuildFile; fileRef = 33F00DC62ABDC49800A5D5B2 /* LevelsViewModel.swift */; };
		33F00DCB2ABDC4A200A5D5B2 /* LevelsModels.swift in Sources */ = {isa = PBXBuildFile; fileRef = 33F00DCA2ABDC4A200A5D5B2 /* LevelsModels.swift */; };
		33F00DCC2ABDC4A200A5D5B2 /* LevelsModels.swift in Sources */ = {isa = PBXBuildFile; fileRef = 33F00DCA2ABDC4A200A5D5B2 /* LevelsModels.swift */; };
		33F00DCD2ABDC4A200A5D5B2 /* LevelsModels.swift in Sources */ = {isa = PBXBuildFile; fileRef = 33F00DCA2ABDC4A200A5D5B2 /* LevelsModels.swift */; };
		E887FCAD2AD073BA0056999E /* GameModels.swift in Sources */ = {isa = PBXBuildFile; fileRef = E887FCAC2AD073BA0056999E /* GameModels.swift */; };
		E887FCAF2AD073D10056999E /* HealthManager.swift in Sources */ = {isa = PBXBuildFile; fileRef = E887FCAE2AD073D10056999E /* HealthManager.swift */; };
		E8BBD40F2ABFA5460056E1E8 /* MainMenuViewController.swift in Sources */ = {isa = PBXBuildFile; fileRef = E8BBD40E2ABFA5460056E1E8 /* MainMenuViewController.swift */; };
		E8BBD4102ABFA5460056E1E8 /* MainMenuViewController.swift in Sources */ = {isa = PBXBuildFile; fileRef = E8BBD40E2ABFA5460056E1E8 /* MainMenuViewController.swift */; };
		E8BBD4112ABFA5460056E1E8 /* MainMenuViewController.swift in Sources */ = {isa = PBXBuildFile; fileRef = E8BBD40E2ABFA5460056E1E8 /* MainMenuViewController.swift */; };
		E8BBD4132ABFA57B0056E1E8 /* GameSceneViewController.swift in Sources */ = {isa = PBXBuildFile; fileRef = E8BBD4122ABFA57B0056E1E8 /* GameSceneViewController.swift */; };
		E8BBD4142ABFA57B0056E1E8 /* GameSceneViewController.swift in Sources */ = {isa = PBXBuildFile; fileRef = E8BBD4122ABFA57B0056E1E8 /* GameSceneViewController.swift */; };
		E8BBD4152ABFA57B0056E1E8 /* GameSceneViewController.swift in Sources */ = {isa = PBXBuildFile; fileRef = E8BBD4122ABFA57B0056E1E8 /* GameSceneViewController.swift */; };
		E8BBD4172ABFA5B30056E1E8 /* LevelsViewController.swift in Sources */ = {isa = PBXBuildFile; fileRef = E8BBD4162ABFA5B30056E1E8 /* LevelsViewController.swift */; };
		E8BBD4182ABFA5B30056E1E8 /* LevelsViewController.swift in Sources */ = {isa = PBXBuildFile; fileRef = E8BBD4162ABFA5B30056E1E8 /* LevelsViewController.swift */; };
		E8BBD4192ABFA5B30056E1E8 /* LevelsViewController.swift in Sources */ = {isa = PBXBuildFile; fileRef = E8BBD4162ABFA5B30056E1E8 /* LevelsViewController.swift */; };
		E8BBD4232ABFC7600056E1E8 /* ResultViewController.swift in Sources */ = {isa = PBXBuildFile; fileRef = E8BBD4222ABFC7600056E1E8 /* ResultViewController.swift */; };
		E8BBD4242ABFC7600056E1E8 /* ResultViewController.swift in Sources */ = {isa = PBXBuildFile; fileRef = E8BBD4222ABFC7600056E1E8 /* ResultViewController.swift */; };
		E8BBD4252ABFC7600056E1E8 /* ResultViewController.swift in Sources */ = {isa = PBXBuildFile; fileRef = E8BBD4222ABFC7600056E1E8 /* ResultViewController.swift */; };
		E8BBD4272ABFC7B80056E1E8 /* LeaderboardViewController.swift in Sources */ = {isa = PBXBuildFile; fileRef = E8BBD4262ABFC7B80056E1E8 /* LeaderboardViewController.swift */; };
		E8BBD4282ABFC7B80056E1E8 /* LeaderboardViewController.swift in Sources */ = {isa = PBXBuildFile; fileRef = E8BBD4262ABFC7B80056E1E8 /* LeaderboardViewController.swift */; };
		E8BBD4292ABFC7B80056E1E8 /* LeaderboardViewController.swift in Sources */ = {isa = PBXBuildFile; fileRef = E8BBD4262ABFC7B80056E1E8 /* LeaderboardViewController.swift */; };
		E8BBD42B2ABFC7E00056E1E8 /* LeaderboardModel.swift in Sources */ = {isa = PBXBuildFile; fileRef = E8BBD42A2ABFC7E00056E1E8 /* LeaderboardModel.swift */; };
		E8BBD42C2ABFC7E00056E1E8 /* LeaderboardModel.swift in Sources */ = {isa = PBXBuildFile; fileRef = E8BBD42A2ABFC7E00056E1E8 /* LeaderboardModel.swift */; };
		E8BBD42D2ABFC7E00056E1E8 /* LeaderboardModel.swift in Sources */ = {isa = PBXBuildFile; fileRef = E8BBD42A2ABFC7E00056E1E8 /* LeaderboardModel.swift */; };
		E8BBD42F2ABFC7F90056E1E8 /* LeaderboardViewModel.swift in Sources */ = {isa = PBXBuildFile; fileRef = E8BBD42E2ABFC7F90056E1E8 /* LeaderboardViewModel.swift */; };
		E8BBD4302ABFC7F90056E1E8 /* LeaderboardViewModel.swift in Sources */ = {isa = PBXBuildFile; fileRef = E8BBD42E2ABFC7F90056E1E8 /* LeaderboardViewModel.swift */; };
		E8BBD4312ABFC7F90056E1E8 /* LeaderboardViewModel.swift in Sources */ = {isa = PBXBuildFile; fileRef = E8BBD42E2ABFC7F90056E1E8 /* LeaderboardViewModel.swift */; };
		E8BBD4332ABFC8A70056E1E8 /* PlayerDataViewController.swift in Sources */ = {isa = PBXBuildFile; fileRef = E8BBD4322ABFC8A70056E1E8 /* PlayerDataViewController.swift */; };
		E8BBD4342ABFC8A70056E1E8 /* PlayerDataViewController.swift in Sources */ = {isa = PBXBuildFile; fileRef = E8BBD4322ABFC8A70056E1E8 /* PlayerDataViewController.swift */; };
		E8BBD4352ABFC8A70056E1E8 /* PlayerDataViewController.swift in Sources */ = {isa = PBXBuildFile; fileRef = E8BBD4322ABFC8A70056E1E8 /* PlayerDataViewController.swift */; };
		E8BBD4682AC461FC0056E1E8 /* PickCharacterViewController.swift in Sources */ = {isa = PBXBuildFile; fileRef = E8BBD4672AC461FC0056E1E8 /* PickCharacterViewController.swift */; };
		E8BBD4692AC461FC0056E1E8 /* PickCharacterViewController.swift in Sources */ = {isa = PBXBuildFile; fileRef = E8BBD4672AC461FC0056E1E8 /* PickCharacterViewController.swift */; };
		E8BBD46A2AC461FC0056E1E8 /* PickCharacterViewController.swift in Sources */ = {isa = PBXBuildFile; fileRef = E8BBD4672AC461FC0056E1E8 /* PickCharacterViewController.swift */; };
		E8BBD46C2AC462300056E1E8 /* PickCharacterViewModel.swift in Sources */ = {isa = PBXBuildFile; fileRef = E8BBD46B2AC462300056E1E8 /* PickCharacterViewModel.swift */; };
		E8BBD46D2AC462300056E1E8 /* PickCharacterViewModel.swift in Sources */ = {isa = PBXBuildFile; fileRef = E8BBD46B2AC462300056E1E8 /* PickCharacterViewModel.swift */; };
		E8BBD46E2AC462300056E1E8 /* PickCharacterViewModel.swift in Sources */ = {isa = PBXBuildFile; fileRef = E8BBD46B2AC462300056E1E8 /* PickCharacterViewModel.swift */; };
		E8BBD4702AC462570056E1E8 /* PickCharacterModels.swift in Sources */ = {isa = PBXBuildFile; fileRef = E8BBD46F2AC462570056E1E8 /* PickCharacterModels.swift */; };
		E8BBD4712AC462570056E1E8 /* PickCharacterModels.swift in Sources */ = {isa = PBXBuildFile; fileRef = E8BBD46F2AC462570056E1E8 /* PickCharacterModels.swift */; };
		E8BBD4722AC462570056E1E8 /* PickCharacterModels.swift in Sources */ = {isa = PBXBuildFile; fileRef = E8BBD46F2AC462570056E1E8 /* PickCharacterModels.swift */; };
		E8BBD4742AC46ACD0056E1E8 /* CharacterCollectionViewCell.swift in Sources */ = {isa = PBXBuildFile; fileRef = E8BBD4732AC46ACD0056E1E8 /* CharacterCollectionViewCell.swift */; };
		E8BBD4752AC46ACD0056E1E8 /* CharacterCollectionViewCell.swift in Sources */ = {isa = PBXBuildFile; fileRef = E8BBD4732AC46ACD0056E1E8 /* CharacterCollectionViewCell.swift */; };
		E8BBD4762AC46ACD0056E1E8 /* CharacterCollectionViewCell.swift in Sources */ = {isa = PBXBuildFile; fileRef = E8BBD4732AC46ACD0056E1E8 /* CharacterCollectionViewCell.swift */; };
		E8F44AD92ADC419900B2568F /* LevelCollectionViewCell.swift in Sources */ = {isa = PBXBuildFile; fileRef = E8F44AD82ADC419900B2568F /* LevelCollectionViewCell.swift */; };
		E8F44ADA2ADC419900B2568F /* LevelCollectionViewCell.swift in Sources */ = {isa = PBXBuildFile; fileRef = E8F44AD82ADC419900B2568F /* LevelCollectionViewCell.swift */; };
		E8F44ADB2ADC419900B2568F /* LevelCollectionViewCell.swift in Sources */ = {isa = PBXBuildFile; fileRef = E8F44AD82ADC419900B2568F /* LevelCollectionViewCell.swift */; };
		E8F44ADF2ADE380400B2568F /* LeaderboardTableViewCell.swift in Sources */ = {isa = PBXBuildFile; fileRef = E8F44ADE2ADE380400B2568F /* LeaderboardTableViewCell.swift */; };
		E8F44AE02ADE380400B2568F /* LeaderboardTableViewCell.swift in Sources */ = {isa = PBXBuildFile; fileRef = E8F44ADE2ADE380400B2568F /* LeaderboardTableViewCell.swift */; };
		E8F44AE12ADE380400B2568F /* LeaderboardTableViewCell.swift in Sources */ = {isa = PBXBuildFile; fileRef = E8F44ADE2ADE380400B2568F /* LeaderboardTableViewCell.swift */; };
/* End PBXBuildFile section */

/* Begin PBXContainerItemProxy section */
		33F00D762ABCB4CC00A5D5B2 /* PBXContainerItemProxy */ = {
			isa = PBXContainerItemProxy;
			containerPortal = 33F00D542ABCB4CB00A5D5B2 /* Project object */;
			proxyType = 1;
			remoteGlobalIDString = 33F00D5B2ABCB4CB00A5D5B2;
			remoteInfo = "Greedy Kings";
		};
		33F00D802ABCB4CC00A5D5B2 /* PBXContainerItemProxy */ = {
			isa = PBXContainerItemProxy;
			containerPortal = 33F00D542ABCB4CB00A5D5B2 /* Project object */;
			proxyType = 1;
			remoteGlobalIDString = 33F00D5B2ABCB4CB00A5D5B2;
			remoteInfo = "Greedy Kings";
		};
/* End PBXContainerItemProxy section */

/* Begin PBXFileReference section */
		336A94ED2ADC657500F43B13 /* menu.mp3 */ = {isa = PBXFileReference; lastKnownFileType = audio.mp3; path = menu.mp3; sourceTree = "<group>"; };
		336A94EE2ADC657500F43B13 /* gameFinished.mp3 */ = {isa = PBXFileReference; lastKnownFileType = audio.mp3; path = gameFinished.mp3; sourceTree = "<group>"; };
		336A94EF2ADC657500F43B13 /* hit3.mp3 */ = {isa = PBXFileReference; lastKnownFileType = audio.mp3; path = hit3.mp3; sourceTree = "<group>"; };
		336A94F02ADC657500F43B13 /* shot2.mp3 */ = {isa = PBXFileReference; lastKnownFileType = audio.mp3; path = shot2.mp3; sourceTree = "<group>"; };
		336A94F12ADC657500F43B13 /* backgroundMusic2.mp3 */ = {isa = PBXFileReference; lastKnownFileType = audio.mp3; path = backgroundMusic2.mp3; sourceTree = "<group>"; };
		336A94F22ADC657500F43B13 /* hit2.mp3 */ = {isa = PBXFileReference; lastKnownFileType = audio.mp3; path = hit2.mp3; sourceTree = "<group>"; };
		336A94F32ADC657500F43B13 /* miss.mp3 */ = {isa = PBXFileReference; lastKnownFileType = audio.mp3; path = miss.mp3; sourceTree = "<group>"; };
		336A94F42ADC657500F43B13 /* shot1.mp3 */ = {isa = PBXFileReference; lastKnownFileType = audio.mp3; path = shot1.mp3; sourceTree = "<group>"; };
		336A94F52ADC657500F43B13 /* backgroundMusic1.mp3 */ = {isa = PBXFileReference; lastKnownFileType = audio.mp3; path = backgroundMusic1.mp3; sourceTree = "<group>"; };
		336A94F62ADC657500F43B13 /* hit1.mp3 */ = {isa = PBXFileReference; lastKnownFileType = audio.mp3; path = hit1.mp3; sourceTree = "<group>"; };
		336A95042ADC6A0900F43B13 /* AnimationModels.swift */ = {isa = PBXFileReference; lastKnownFileType = sourcecode.swift; path = AnimationModels.swift; sourceTree = "<group>"; };
		336A95162ADC7E2100F43B13 /* animation1.json */ = {isa = PBXFileReference; fileEncoding = 4; lastKnownFileType = text.json; path = animation1.json; sourceTree = "<group>"; };
		336A95172ADC7E2100F43B13 /* animation2.json */ = {isa = PBXFileReference; fileEncoding = 4; lastKnownFileType = text.json; path = animation2.json; sourceTree = "<group>"; };
		336A95182ADC7E2100F43B13 /* animation3.json */ = {isa = PBXFileReference; fileEncoding = 4; lastKnownFileType = text.json; path = animation3.json; sourceTree = "<group>"; };
		336A95202ADDCAB200F43B13 /* UIViewController.swift */ = {isa = PBXFileReference; lastKnownFileType = sourcecode.swift; path = UIViewController.swift; sourceTree = "<group>"; };
		336A95232ADDD92300F43B13 /* UIView.swift */ = {isa = PBXFileReference; lastKnownFileType = sourcecode.swift; path = UIView.swift; sourceTree = "<group>"; };
		336A95262ADEDE1E00F43B13 /* StorageModels.swift */ = {isa = PBXFileReference; lastKnownFileType = sourcecode.swift; path = StorageModels.swift; sourceTree = "<group>"; };
		336A952B2ADF1B8200F43B13 /* Notification.swift */ = {isa = PBXFileReference; lastKnownFileType = sourcecode.swift; path = Notification.swift; sourceTree = "<group>"; };
		336A952D2AE1377000F43B13 /* animation4.json */ = {isa = PBXFileReference; fileEncoding = 4; lastKnownFileType = text.json; name = animation4.json; path = ../../../../Downloads/animation4.json; sourceTree = "<group>"; };
		336A952E2AE1377000F43B13 /* strengthIndicator.json */ = {isa = PBXFileReference; fileEncoding = 4; lastKnownFileType = text.json; name = strengthIndicator.json; path = ../../../../Downloads/strengthIndicator.json; sourceTree = "<group>"; };
		336A95362AE1413B00F43B13 /* GoogleService-Info.plist */ = {isa = PBXFileReference; fileEncoding = 4; lastKnownFileType = text.plist.xml; name = "GoogleService-Info.plist"; path = "../../../Desktop/GD info plist/GoogleService-Info.plist"; sourceTree = "<group>"; };
		336A95382AE180D900F43B13 /* PauseViewController.swift */ = {isa = PBXFileReference; lastKnownFileType = sourcecode.swift; path = PauseViewController.swift; sourceTree = "<group>"; };
		336A953A2AE20DE400F43B13 /* UIImage.swift */ = {isa = PBXFileReference; lastKnownFileType = sourcecode.swift; path = UIImage.swift; sourceTree = "<group>"; };
		33A293522AC44EF6008D9B9C /* LevelBuilder.swift */ = {isa = PBXFileReference; lastKnownFileType = sourcecode.swift; path = LevelBuilder.swift; sourceTree = "<group>"; };
		33A293552AC44F00008D9B9C /* GameManager.swift */ = {isa = PBXFileReference; lastKnownFileType = sourcecode.swift; path = GameManager.swift; sourceTree = "<group>"; };
		33A2935C2AC46A4D008D9B9C /* LevelModel.swift */ = {isa = PBXFileReference; lastKnownFileType = sourcecode.swift; path = LevelModel.swift; sourceTree = "<group>"; };
		33A293602AC4B0D8008D9B9C /* StorageManager.swift */ = {isa = PBXFileReference; lastKnownFileType = sourcecode.swift; path = StorageManager.swift; sourceTree = "<group>"; };
		33A293992ACB1B67008D9B9C /* PhysicsManager.swift */ = {isa = PBXFileReference; lastKnownFileType = sourcecode.swift; path = PhysicsManager.swift; sourceTree = "<group>"; };
		33A5416B2AE2742C00657E8E /* StorageManagerTests.swift */ = {isa = PBXFileReference; lastKnownFileType = sourcecode.swift; path = StorageManagerTests.swift; sourceTree = "<group>"; };
		33A5416D2AE2745F00657E8E /* ExtensionsTests.swift */ = {isa = PBXFileReference; lastKnownFileType = sourcecode.swift; path = ExtensionsTests.swift; sourceTree = "<group>"; };
		33A5416F2AE2747100657E8E /* PhysicsManagerTests.swift */ = {isa = PBXFileReference; lastKnownFileType = sourcecode.swift; path = PhysicsManagerTests.swift; sourceTree = "<group>"; };
		33A541712AE2748100657E8E /* LevelManagerTests.swift */ = {isa = PBXFileReference; lastKnownFileType = sourcecode.swift; path = LevelManagerTests.swift; sourceTree = "<group>"; };
		33E8D3DF2AD0456300C3892C /* PhysicsModels.swift */ = {isa = PBXFileReference; lastKnownFileType = sourcecode.swift; path = PhysicsModels.swift; sourceTree = "<group>"; };
		33E8D3E42AD2AB2600C3892C /* CGFloat.swift */ = {isa = PBXFileReference; lastKnownFileType = sourcecode.swift; path = CGFloat.swift; sourceTree = "<group>"; };
		33E8D3E92AD52E9400C3892C /* AudioManager.swift */ = {isa = PBXFileReference; lastKnownFileType = sourcecode.swift; path = AudioManager.swift; sourceTree = "<group>"; };
		33E8D3EE2AD52EBF00C3892C /* AudioModels.swift */ = {isa = PBXFileReference; lastKnownFileType = sourcecode.swift; path = AudioModels.swift; sourceTree = "<group>"; };
		33E8D4342AD54B8B00C3892C /* HapticsManager.swift */ = {isa = PBXFileReference; lastKnownFileType = sourcecode.swift; path = HapticsManager.swift; sourceTree = "<group>"; };
		33E8D4392AD54B9D00C3892C /* HapticModels.swift */ = {isa = PBXFileReference; lastKnownFileType = sourcecode.swift; path = HapticModels.swift; sourceTree = "<group>"; };
		33F00D5C2ABCB4CB00A5D5B2 /* Greedy Kings.app */ = {isa = PBXFileReference; explicitFileType = wrapper.application; includeInIndex = 0; path = "Greedy Kings.app"; sourceTree = BUILT_PRODUCTS_DIR; };
		33F00D5F2ABCB4CB00A5D5B2 /* AppDelegate.swift */ = {isa = PBXFileReference; lastKnownFileType = sourcecode.swift; path = AppDelegate.swift; sourceTree = "<group>"; };
		33F00D612ABCB4CB00A5D5B2 /* SceneDelegate.swift */ = {isa = PBXFileReference; lastKnownFileType = sourcecode.swift; path = SceneDelegate.swift; sourceTree = "<group>"; };
		33F00D632ABCB4CB00A5D5B2 /* RootViewController.swift */ = {isa = PBXFileReference; lastKnownFileType = sourcecode.swift; path = RootViewController.swift; sourceTree = "<group>"; };
		33F00D662ABCB4CB00A5D5B2 /* Base */ = {isa = PBXFileReference; lastKnownFileType = file.storyboard; name = Base; path = Base.lproj/Main.storyboard; sourceTree = "<group>"; };
		33F00D6B2ABCB4CC00A5D5B2 /* Assets.xcassets */ = {isa = PBXFileReference; lastKnownFileType = folder.assetcatalog; path = Assets.xcassets; sourceTree = "<group>"; };
		33F00D6E2ABCB4CC00A5D5B2 /* Base */ = {isa = PBXFileReference; lastKnownFileType = file.storyboard; name = Base; path = Base.lproj/LaunchScreen.storyboard; sourceTree = "<group>"; };
		33F00D702ABCB4CC00A5D5B2 /* Info.plist */ = {isa = PBXFileReference; lastKnownFileType = text.plist.xml; path = Info.plist; sourceTree = "<group>"; };
		33F00D752ABCB4CC00A5D5B2 /* Greedy KingsTests.xctest */ = {isa = PBXFileReference; explicitFileType = wrapper.cfbundle; includeInIndex = 0; path = "Greedy KingsTests.xctest"; sourceTree = BUILT_PRODUCTS_DIR; };
		33F00D792ABCB4CC00A5D5B2 /* GameManagerTests.swift */ = {isa = PBXFileReference; lastKnownFileType = sourcecode.swift; path = GameManagerTests.swift; sourceTree = "<group>"; };
		33F00D7F2ABCB4CC00A5D5B2 /* Greedy KingsUITests.xctest */ = {isa = PBXFileReference; explicitFileType = wrapper.cfbundle; includeInIndex = 0; path = "Greedy KingsUITests.xctest"; sourceTree = BUILT_PRODUCTS_DIR; };
		33F00D832ABCB4CC00A5D5B2 /* Greedy_KingsUITests.swift */ = {isa = PBXFileReference; lastKnownFileType = sourcecode.swift; path = Greedy_KingsUITests.swift; sourceTree = "<group>"; };
		33F00D852ABCB4CC00A5D5B2 /* Greedy_KingsUITestsLaunchTests.swift */ = {isa = PBXFileReference; lastKnownFileType = sourcecode.swift; path = Greedy_KingsUITestsLaunchTests.swift; sourceTree = "<group>"; };
		33F00DA62ABCBA9D00A5D5B2 /* README.md */ = {isa = PBXFileReference; lastKnownFileType = net.daringfireball.markdown; path = README.md; sourceTree = "<group>"; };
		33F00DB22ABDC41700A5D5B2 /* MainMenuModels.swift */ = {isa = PBXFileReference; lastKnownFileType = sourcecode.swift; path = MainMenuModels.swift; sourceTree = "<group>"; };
		33F00DB62ABDC42700A5D5B2 /* MainMenuViewModel.swift */ = {isa = PBXFileReference; lastKnownFileType = sourcecode.swift; path = MainMenuViewModel.swift; sourceTree = "<group>"; };
		33F00DBA2ABDC44E00A5D5B2 /* GameSceneViewModel.swift */ = {isa = PBXFileReference; lastKnownFileType = sourcecode.swift; path = GameSceneViewModel.swift; sourceTree = "<group>"; };
		33F00DBE2ABDC45600A5D5B2 /* GameSceneModels.swift */ = {isa = PBXFileReference; lastKnownFileType = sourcecode.swift; path = GameSceneModels.swift; sourceTree = "<group>"; };
		33F00DC62ABDC49800A5D5B2 /* LevelsViewModel.swift */ = {isa = PBXFileReference; lastKnownFileType = sourcecode.swift; path = LevelsViewModel.swift; sourceTree = "<group>"; };
		33F00DCA2ABDC4A200A5D5B2 /* LevelsModels.swift */ = {isa = PBXFileReference; lastKnownFileType = sourcecode.swift; path = LevelsModels.swift; sourceTree = "<group>"; };
		E887FCAC2AD073BA0056999E /* GameModels.swift */ = {isa = PBXFileReference; lastKnownFileType = sourcecode.swift; path = GameModels.swift; sourceTree = "<group>"; };
		E887FCAE2AD073D10056999E /* HealthManager.swift */ = {isa = PBXFileReference; lastKnownFileType = sourcecode.swift; path = HealthManager.swift; sourceTree = "<group>"; };
		E8BBD40E2ABFA5460056E1E8 /* MainMenuViewController.swift */ = {isa = PBXFileReference; lastKnownFileType = sourcecode.swift; path = MainMenuViewController.swift; sourceTree = "<group>"; };
		E8BBD4122ABFA57B0056E1E8 /* GameSceneViewController.swift */ = {isa = PBXFileReference; lastKnownFileType = sourcecode.swift; path = GameSceneViewController.swift; sourceTree = "<group>"; };
		E8BBD4162ABFA5B30056E1E8 /* LevelsViewController.swift */ = {isa = PBXFileReference; lastKnownFileType = sourcecode.swift; path = LevelsViewController.swift; sourceTree = "<group>"; };
		E8BBD4222ABFC7600056E1E8 /* ResultViewController.swift */ = {isa = PBXFileReference; lastKnownFileType = sourcecode.swift; path = ResultViewController.swift; sourceTree = "<group>"; };
		E8BBD4262ABFC7B80056E1E8 /* LeaderboardViewController.swift */ = {isa = PBXFileReference; lastKnownFileType = sourcecode.swift; path = LeaderboardViewController.swift; sourceTree = "<group>"; };
		E8BBD42A2ABFC7E00056E1E8 /* LeaderboardModel.swift */ = {isa = PBXFileReference; lastKnownFileType = sourcecode.swift; path = LeaderboardModel.swift; sourceTree = "<group>"; };
		E8BBD42E2ABFC7F90056E1E8 /* LeaderboardViewModel.swift */ = {isa = PBXFileReference; lastKnownFileType = sourcecode.swift; path = LeaderboardViewModel.swift; sourceTree = "<group>"; };
		E8BBD4322ABFC8A70056E1E8 /* PlayerDataViewController.swift */ = {isa = PBXFileReference; lastKnownFileType = sourcecode.swift; path = PlayerDataViewController.swift; sourceTree = "<group>"; };
		E8BBD4672AC461FC0056E1E8 /* PickCharacterViewController.swift */ = {isa = PBXFileReference; lastKnownFileType = sourcecode.swift; path = PickCharacterViewController.swift; sourceTree = "<group>"; };
		E8BBD46B2AC462300056E1E8 /* PickCharacterViewModel.swift */ = {isa = PBXFileReference; lastKnownFileType = sourcecode.swift; path = PickCharacterViewModel.swift; sourceTree = "<group>"; };
		E8BBD46F2AC462570056E1E8 /* PickCharacterModels.swift */ = {isa = PBXFileReference; lastKnownFileType = sourcecode.swift; path = PickCharacterModels.swift; sourceTree = "<group>"; };
		E8BBD4732AC46ACD0056E1E8 /* CharacterCollectionViewCell.swift */ = {isa = PBXFileReference; lastKnownFileType = sourcecode.swift; path = CharacterCollectionViewCell.swift; sourceTree = "<group>"; };
		E8F44AD82ADC419900B2568F /* LevelCollectionViewCell.swift */ = {isa = PBXFileReference; lastKnownFileType = sourcecode.swift; path = LevelCollectionViewCell.swift; sourceTree = "<group>"; };
		E8F44ADE2ADE380400B2568F /* LeaderboardTableViewCell.swift */ = {isa = PBXFileReference; lastKnownFileType = sourcecode.swift; path = LeaderboardTableViewCell.swift; sourceTree = "<group>"; };
/* End PBXFileReference section */

/* Begin PBXFrameworksBuildPhase section */
		33F00D592ABCB4CB00A5D5B2 /* Frameworks */ = {
			isa = PBXFrameworksBuildPhase;
			buildActionMask = 2147483647;
			files = (
				336A95432AE21C7B00F43B13 /* FirebaseCrashlytics in Frameworks */,
				336A953E2AE21C0100F43B13 /* Lottie in Frameworks */,
				336A95412AE21C7B00F43B13 /* FirebaseAnalyticsWithoutAdIdSupport in Frameworks */,
			);
			runOnlyForDeploymentPostprocessing = 0;
		};
		33F00D722ABCB4CC00A5D5B2 /* Frameworks */ = {
			isa = PBXFrameworksBuildPhase;
			buildActionMask = 2147483647;
			files = (
				33A541792AE274D400657E8E /* FirebaseCrashlytics in Frameworks */,
				33A541772AE274D400657E8E /* FirebaseAnalyticsWithoutAdIdSupport in Frameworks */,
			);
			runOnlyForDeploymentPostprocessing = 0;
		};
		33F00D7C2ABCB4CC00A5D5B2 /* Frameworks */ = {
			isa = PBXFrameworksBuildPhase;
			buildActionMask = 2147483647;
			files = (
				33A5417F2AE274E300657E8E /* FirebaseCrashlytics in Frameworks */,
				33A5417D2AE274E300657E8E /* FirebaseAnalytics in Frameworks */,
			);
			runOnlyForDeploymentPostprocessing = 0;
		};
/* End PBXFrameworksBuildPhase section */

/* Begin PBXGroup section */
		336A95062ADC6CB100F43B13 /* AnimationAssets */ = {
			isa = PBXGroup;
			children = (
				336A952D2AE1377000F43B13 /* animation4.json */,
				336A952E2AE1377000F43B13 /* strengthIndicator.json */,
				336A95162ADC7E2100F43B13 /* animation1.json */,
				336A95172ADC7E2100F43B13 /* animation2.json */,
				336A95182ADC7E2100F43B13 /* animation3.json */,
			);
			path = AnimationAssets;
			sourceTree = "<group>";
		};
		336A95252ADEDE1200F43B13 /* Models */ = {
			isa = PBXGroup;
			children = (
				336A95262ADEDE1E00F43B13 /* StorageModels.swift */,
			);
			path = Models;
			sourceTree = "<group>";
		};
		33A293502AC44ED1008D9B9C /* Game Manager */ = {
			isa = PBXGroup;
			children = (
				E887FCAB2AD0739A0056999E /* HealthManager */,
				E887FCAA2AD073900056999E /* Models */,
				33A293552AC44F00008D9B9C /* GameManager.swift */,
			);
			path = "Game Manager";
			sourceTree = "<group>";
		};
		33A293512AC44ED7008D9B9C /* Level Manager */ = {
			isa = PBXGroup;
			children = (
				33A2935B2AC46A2F008D9B9C /* Models */,
				33A293522AC44EF6008D9B9C /* LevelBuilder.swift */,
			);
			path = "Level Manager";
			sourceTree = "<group>";
		};
		33A2935B2AC46A2F008D9B9C /* Models */ = {
			isa = PBXGroup;
			children = (
				33A2935C2AC46A4D008D9B9C /* LevelModel.swift */,
			);
			path = Models;
			sourceTree = "<group>";
		};
		33A2935F2AC4B0C7008D9B9C /* Storage Manager */ = {
			isa = PBXGroup;
			children = (
				336A95252ADEDE1200F43B13 /* Models */,
				33A293602AC4B0D8008D9B9C /* StorageManager.swift */,
			);
			path = "Storage Manager";
			sourceTree = "<group>";
		};
		33A293982ACB1B4D008D9B9C /* Physics Manager */ = {
			isa = PBXGroup;
			children = (
				33E8D3DE2AD0454900C3892C /* PhysicsModels */,
				33A293992ACB1B67008D9B9C /* PhysicsManager.swift */,
			);
			path = "Physics Manager";
			sourceTree = "<group>";
		};
		33A541732AE274D400657E8E /* Frameworks */ = {
			isa = PBXGroup;
			children = (
			);
			name = Frameworks;
			sourceTree = "<group>";
		};
		33E8D3DE2AD0454900C3892C /* PhysicsModels */ = {
			isa = PBXGroup;
			children = (
				33E8D3DF2AD0456300C3892C /* PhysicsModels.swift */,
			);
			path = PhysicsModels;
			sourceTree = "<group>";
		};
		33E8D3E32AD2AB0500C3892C /* Extensions */ = {
			isa = PBXGroup;
			children = (
				336A95202ADDCAB200F43B13 /* UIViewController.swift */,
				336A95232ADDD92300F43B13 /* UIView.swift */,
				33E8D3E42AD2AB2600C3892C /* CGFloat.swift */,
				336A952B2ADF1B8200F43B13 /* Notification.swift */,
				336A953A2AE20DE400F43B13 /* UIImage.swift */,
			);
			path = Extensions;
			sourceTree = "<group>";
		};
		33E8D3E82AD52E8600C3892C /* Audio Manager */ = {
			isa = PBXGroup;
			children = (
				33E8D3ED2AD52EB400C3892C /* Models */,
				33E8D3E92AD52E9400C3892C /* AudioManager.swift */,
			);
			path = "Audio Manager";
			sourceTree = "<group>";
		};
		33E8D3ED2AD52EB400C3892C /* Models */ = {
			isa = PBXGroup;
			children = (
				33E8D3EE2AD52EBF00C3892C /* AudioModels.swift */,
			);
			path = Models;
			sourceTree = "<group>";
		};
		33E8D3F22AD5376200C3892C /* AudioAssets */ = {
			isa = PBXGroup;
			children = (
				336A94F52ADC657500F43B13 /* backgroundMusic1.mp3 */,
				336A94F12ADC657500F43B13 /* backgroundMusic2.mp3 */,
				336A94EE2ADC657500F43B13 /* gameFinished.mp3 */,
				336A94F62ADC657500F43B13 /* hit1.mp3 */,
				336A94F22ADC657500F43B13 /* hit2.mp3 */,
				336A94EF2ADC657500F43B13 /* hit3.mp3 */,
				336A94ED2ADC657500F43B13 /* menu.mp3 */,
				336A94F32ADC657500F43B13 /* miss.mp3 */,
				336A94F42ADC657500F43B13 /* shot1.mp3 */,
				336A94F02ADC657500F43B13 /* shot2.mp3 */,
			);
			path = AudioAssets;
			sourceTree = "<group>";
		};
		33E8D4332AD54B7000C3892C /* Haptics Manager */ = {
			isa = PBXGroup;
			children = (
				33E8D4382AD54B8F00C3892C /* Models */,
				33E8D4342AD54B8B00C3892C /* HapticsManager.swift */,
			);
			path = "Haptics Manager";
			sourceTree = "<group>";
		};
		33E8D4382AD54B8F00C3892C /* Models */ = {
			isa = PBXGroup;
			children = (
				33E8D4392AD54B9D00C3892C /* HapticModels.swift */,
			);
			path = Models;
			sourceTree = "<group>";
		};
		33F00D532ABCB4CB00A5D5B2 = {
			isa = PBXGroup;
			children = (
				33F00DA62ABCBA9D00A5D5B2 /* README.md */,
				33F00D5E2ABCB4CB00A5D5B2 /* Greedy Kings */,
				33F00D782ABCB4CC00A5D5B2 /* Greedy KingsTests */,
				33F00D822ABCB4CC00A5D5B2 /* Greedy KingsUITests */,
				33F00D5D2ABCB4CB00A5D5B2 /* Products */,
				33A541732AE274D400657E8E /* Frameworks */,
			);
			sourceTree = "<group>";
		};
		33F00D5D2ABCB4CB00A5D5B2 /* Products */ = {
			isa = PBXGroup;
			children = (
				33F00D5C2ABCB4CB00A5D5B2 /* Greedy Kings.app */,
				33F00D752ABCB4CC00A5D5B2 /* Greedy KingsTests.xctest */,
				33F00D7F2ABCB4CC00A5D5B2 /* Greedy KingsUITests.xctest */,
			);
			name = Products;
			sourceTree = "<group>";
		};
		33F00D5E2ABCB4CB00A5D5B2 /* Greedy Kings */ = {
			isa = PBXGroup;
			children = (
				33F00D922ABCB56100A5D5B2 /* Game */,
				33F00D942ABCB57600A5D5B2 /* Managers */,
				33F00D932ABCB56600A5D5B2 /* Application */,
				33E8D3E32AD2AB0500C3892C /* Extensions */,
				33E8D3F22AD5376200C3892C /* AudioAssets */,
				336A95062ADC6CB100F43B13 /* AnimationAssets */,
				33F00D6B2ABCB4CC00A5D5B2 /* Assets.xcassets */,
				33F00D702ABCB4CC00A5D5B2 /* Info.plist */,
				336A95362AE1413B00F43B13 /* GoogleService-Info.plist */,
			);
			path = "Greedy Kings";
			sourceTree = "<group>";
		};
		33F00D782ABCB4CC00A5D5B2 /* Greedy KingsTests */ = {
			isa = PBXGroup;
			children = (
				33F00D792ABCB4CC00A5D5B2 /* GameManagerTests.swift */,
				33A5416B2AE2742C00657E8E /* StorageManagerTests.swift */,
				33A5416D2AE2745F00657E8E /* ExtensionsTests.swift */,
				33A5416F2AE2747100657E8E /* PhysicsManagerTests.swift */,
				33A541712AE2748100657E8E /* LevelManagerTests.swift */,
			);
			path = "Greedy KingsTests";
			sourceTree = "<group>";
		};
		33F00D822ABCB4CC00A5D5B2 /* Greedy KingsUITests */ = {
			isa = PBXGroup;
			children = (
				33F00D832ABCB4CC00A5D5B2 /* Greedy_KingsUITests.swift */,
				33F00D852ABCB4CC00A5D5B2 /* Greedy_KingsUITestsLaunchTests.swift */,
			);
			path = "Greedy KingsUITests";
			sourceTree = "<group>";
		};
		33F00D922ABCB56100A5D5B2 /* Game */ = {
			isa = PBXGroup;
			children = (
				33F00DA92ABCD92900A5D5B2 /* UI */,
			);
			path = Game;
			sourceTree = "<group>";
		};
		33F00D932ABCB56600A5D5B2 /* Application */ = {
			isa = PBXGroup;
			children = (
				33F00D5F2ABCB4CB00A5D5B2 /* AppDelegate.swift */,
				33F00D612ABCB4CB00A5D5B2 /* SceneDelegate.swift */,
				33F00D632ABCB4CB00A5D5B2 /* RootViewController.swift */,
				33F00D652ABCB4CB00A5D5B2 /* Main.storyboard */,
				33F00D6D2ABCB4CC00A5D5B2 /* LaunchScreen.storyboard */,
			);
			path = Application;
			sourceTree = "<group>";
		};
		33F00D942ABCB57600A5D5B2 /* Managers */ = {
			isa = PBXGroup;
			children = (
				33E8D4332AD54B7000C3892C /* Haptics Manager */,
				33E8D3E82AD52E8600C3892C /* Audio Manager */,
				33A293982ACB1B4D008D9B9C /* Physics Manager */,
				33A2935F2AC4B0C7008D9B9C /* Storage Manager */,
				33A293512AC44ED7008D9B9C /* Level Manager */,
				33A293502AC44ED1008D9B9C /* Game Manager */,
			);
			path = Managers;
			sourceTree = "<group>";
		};
		33F00D962ABCB58800A5D5B2 /* Levels */ = {
			isa = PBXGroup;
			children = (
				33F00DA22ABCB5CD00A5D5B2 /* ViewModel */,
				33F00DA12ABCB5CA00A5D5B2 /* Models */,
				33F00DA02ABCB5C800A5D5B2 /* Views */,
			);
			path = Levels;
			sourceTree = "<group>";
		};
		33F00D972ABCB59C00A5D5B2 /* Game Scene */ = {
			isa = PBXGroup;
			children = (
				33F00D9F2ABCB5C600A5D5B2 /* ViewModel */,
				33F00D9E2ABCB5C300A5D5B2 /* Models */,
				33F00D9C2ABCB5BC00A5D5B2 /* Views */,
			);
			path = "Game Scene";
			sourceTree = "<group>";
		};
		33F00D982ABCB59F00A5D5B2 /* Main Menu */ = {
			isa = PBXGroup;
			children = (
				33F00D9B2ABCB5BA00A5D5B2 /* ViewModel */,
				33F00D9A2ABCB5B800A5D5B2 /* Models */,
				33F00D992ABCB5B600A5D5B2 /* Views */,
			);
			path = "Main Menu";
			sourceTree = "<group>";
		};
		33F00D992ABCB5B600A5D5B2 /* Views */ = {
			isa = PBXGroup;
			children = (
				E8BBD40E2ABFA5460056E1E8 /* MainMenuViewController.swift */,
			);
			path = Views;
			sourceTree = "<group>";
		};
		33F00D9A2ABCB5B800A5D5B2 /* Models */ = {
			isa = PBXGroup;
			children = (
				33F00DB22ABDC41700A5D5B2 /* MainMenuModels.swift */,
			);
			path = Models;
			sourceTree = "<group>";
		};
		33F00D9B2ABCB5BA00A5D5B2 /* ViewModel */ = {
			isa = PBXGroup;
			children = (
				33F00DB62ABDC42700A5D5B2 /* MainMenuViewModel.swift */,
			);
			path = ViewModel;
			sourceTree = "<group>";
		};
		33F00D9C2ABCB5BC00A5D5B2 /* Views */ = {
			isa = PBXGroup;
			children = (
				E8BBD4122ABFA57B0056E1E8 /* GameSceneViewController.swift */,
				E8BBD4222ABFC7600056E1E8 /* ResultViewController.swift */,
				E8BBD4322ABFC8A70056E1E8 /* PlayerDataViewController.swift */,
				336A95382AE180D900F43B13 /* PauseViewController.swift */,
			);
			path = Views;
			sourceTree = "<group>";
		};
		33F00D9E2ABCB5C300A5D5B2 /* Models */ = {
			isa = PBXGroup;
			children = (
				33F00DBE2ABDC45600A5D5B2 /* GameSceneModels.swift */,
				336A95042ADC6A0900F43B13 /* AnimationModels.swift */,
			);
			path = Models;
			sourceTree = "<group>";
		};
		33F00D9F2ABCB5C600A5D5B2 /* ViewModel */ = {
			isa = PBXGroup;
			children = (
				33F00DBA2ABDC44E00A5D5B2 /* GameSceneViewModel.swift */,
			);
			path = ViewModel;
			sourceTree = "<group>";
		};
		33F00DA02ABCB5C800A5D5B2 /* Views */ = {
			isa = PBXGroup;
			children = (
				E8BBD4162ABFA5B30056E1E8 /* LevelsViewController.swift */,
				E8F44AD82ADC419900B2568F /* LevelCollectionViewCell.swift */,
			);
			path = Views;
			sourceTree = "<group>";
		};
		33F00DA12ABCB5CA00A5D5B2 /* Models */ = {
			isa = PBXGroup;
			children = (
				33F00DCA2ABDC4A200A5D5B2 /* LevelsModels.swift */,
			);
			path = Models;
			sourceTree = "<group>";
		};
		33F00DA22ABCB5CD00A5D5B2 /* ViewModel */ = {
			isa = PBXGroup;
			children = (
				33F00DC62ABDC49800A5D5B2 /* LevelsViewModel.swift */,
			);
			path = ViewModel;
			sourceTree = "<group>";
		};
		33F00DA92ABCD92900A5D5B2 /* UI */ = {
			isa = PBXGroup;
			children = (
				33F00D982ABCB59F00A5D5B2 /* Main Menu */,
				E8BBD4632AC4618D0056E1E8 /* Pick Character */,
				33F00D972ABCB59C00A5D5B2 /* Game Scene */,
				33F00D962ABCB58800A5D5B2 /* Levels */,
				E8BBD41E2ABFC6640056E1E8 /* Leaderboard */,
			);
			path = UI;
			sourceTree = "<group>";
		};
		E887FCAA2AD073900056999E /* Models */ = {
			isa = PBXGroup;
			children = (
				E887FCAC2AD073BA0056999E /* GameModels.swift */,
			);
			path = Models;
			sourceTree = "<group>";
		};
		E887FCAB2AD0739A0056999E /* HealthManager */ = {
			isa = PBXGroup;
			children = (
				E887FCAE2AD073D10056999E /* HealthManager.swift */,
			);
			path = HealthManager;
			sourceTree = "<group>";
		};
		E8BBD41E2ABFC6640056E1E8 /* Leaderboard */ = {
			isa = PBXGroup;
			children = (
				E8BBD41F2ABFC6820056E1E8 /* ViewModel */,
				E8BBD4202ABFC69C0056E1E8 /* Models */,
				E8BBD4212ABFC6B10056E1E8 /* Views */,
			);
			path = Leaderboard;
			sourceTree = "<group>";
		};
		E8BBD41F2ABFC6820056E1E8 /* ViewModel */ = {
			isa = PBXGroup;
			children = (
				E8BBD42E2ABFC7F90056E1E8 /* LeaderboardViewModel.swift */,
			);
			path = ViewModel;
			sourceTree = "<group>";
		};
		E8BBD4202ABFC69C0056E1E8 /* Models */ = {
			isa = PBXGroup;
			children = (
				E8BBD42A2ABFC7E00056E1E8 /* LeaderboardModel.swift */,
			);
			path = Models;
			sourceTree = "<group>";
		};
		E8BBD4212ABFC6B10056E1E8 /* Views */ = {
			isa = PBXGroup;
			children = (
				E8BBD4262ABFC7B80056E1E8 /* LeaderboardViewController.swift */,
				E8F44ADE2ADE380400B2568F /* LeaderboardTableViewCell.swift */,
			);
			path = Views;
			sourceTree = "<group>";
		};
		E8BBD4632AC4618D0056E1E8 /* Pick Character */ = {
			isa = PBXGroup;
			children = (
				E8BBD4642AC461AB0056E1E8 /* ViewModel */,
				E8BBD4652AC461C00056E1E8 /* Models */,
				E8BBD4662AC461CB0056E1E8 /* Views */,
			);
			path = "Pick Character";
			sourceTree = "<group>";
		};
		E8BBD4642AC461AB0056E1E8 /* ViewModel */ = {
			isa = PBXGroup;
			children = (
				E8BBD46B2AC462300056E1E8 /* PickCharacterViewModel.swift */,
			);
			path = ViewModel;
			sourceTree = "<group>";
		};
		E8BBD4652AC461C00056E1E8 /* Models */ = {
			isa = PBXGroup;
			children = (
				E8BBD46F2AC462570056E1E8 /* PickCharacterModels.swift */,
			);
			path = Models;
			sourceTree = "<group>";
		};
		E8BBD4662AC461CB0056E1E8 /* Views */ = {
			isa = PBXGroup;
			children = (
				E8BBD4672AC461FC0056E1E8 /* PickCharacterViewController.swift */,
				E8BBD4732AC46ACD0056E1E8 /* CharacterCollectionViewCell.swift */,
			);
			path = Views;
			sourceTree = "<group>";
		};
/* End PBXGroup section */

/* Begin PBXNativeTarget section */
		33F00D5B2ABCB4CB00A5D5B2 /* Greedy Kings */ = {
			isa = PBXNativeTarget;
			buildConfigurationList = 33F00D892ABCB4CC00A5D5B2 /* Build configuration list for PBXNativeTarget "Greedy Kings" */;
			buildPhases = (
				33F00D582ABCB4CB00A5D5B2 /* Sources */,
				33F00D592ABCB4CB00A5D5B2 /* Frameworks */,
				33F00D5A2ABCB4CB00A5D5B2 /* Resources */,
			);
			buildRules = (
			);
			dependencies = (
			);
			name = "Greedy Kings";
			packageProductDependencies = (
				336A953D2AE21C0100F43B13 /* Lottie */,
				336A95402AE21C7B00F43B13 /* FirebaseAnalyticsWithoutAdIdSupport */,
				336A95422AE21C7B00F43B13 /* FirebaseCrashlytics */,
			);
			productName = "Greedy Kings";
			productReference = 33F00D5C2ABCB4CB00A5D5B2 /* Greedy Kings.app */;
			productType = "com.apple.product-type.application";
		};
		33F00D742ABCB4CC00A5D5B2 /* Greedy KingsTests */ = {
			isa = PBXNativeTarget;
			buildConfigurationList = 33F00D8C2ABCB4CC00A5D5B2 /* Build configuration list for PBXNativeTarget "Greedy KingsTests" */;
			buildPhases = (
				33F00D712ABCB4CC00A5D5B2 /* Sources */,
				33F00D722ABCB4CC00A5D5B2 /* Frameworks */,
				33F00D732ABCB4CC00A5D5B2 /* Resources */,
			);
			buildRules = (
			);
			dependencies = (
				33F00D772ABCB4CC00A5D5B2 /* PBXTargetDependency */,
			);
			name = "Greedy KingsTests";
			packageProductDependencies = (
				33A541762AE274D400657E8E /* FirebaseAnalyticsWithoutAdIdSupport */,
				33A541782AE274D400657E8E /* FirebaseCrashlytics */,
			);
			productName = "Greedy KingsTests";
			productReference = 33F00D752ABCB4CC00A5D5B2 /* Greedy KingsTests.xctest */;
			productType = "com.apple.product-type.bundle.unit-test";
		};
		33F00D7E2ABCB4CC00A5D5B2 /* Greedy KingsUITests */ = {
			isa = PBXNativeTarget;
			buildConfigurationList = 33F00D8F2ABCB4CC00A5D5B2 /* Build configuration list for PBXNativeTarget "Greedy KingsUITests" */;
			buildPhases = (
				33F00D7B2ABCB4CC00A5D5B2 /* Sources */,
				33F00D7C2ABCB4CC00A5D5B2 /* Frameworks */,
				33F00D7D2ABCB4CC00A5D5B2 /* Resources */,
			);
			buildRules = (
			);
			dependencies = (
				33F00D812ABCB4CC00A5D5B2 /* PBXTargetDependency */,
			);
			name = "Greedy KingsUITests";
			packageProductDependencies = (
				33A5417C2AE274E300657E8E /* FirebaseAnalytics */,
				33A5417E2AE274E300657E8E /* FirebaseCrashlytics */,
			);
			productName = "Greedy KingsUITests";
			productReference = 33F00D7F2ABCB4CC00A5D5B2 /* Greedy KingsUITests.xctest */;
			productType = "com.apple.product-type.bundle.ui-testing";
		};
/* End PBXNativeTarget section */

/* Begin PBXProject section */
		33F00D542ABCB4CB00A5D5B2 /* Project object */ = {
			isa = PBXProject;
			attributes = {
				BuildIndependentTargetsInParallel = 1;
				LastSwiftUpdateCheck = 1430;
				LastUpgradeCheck = 1430;
				TargetAttributes = {
					33F00D5B2ABCB4CB00A5D5B2 = {
						CreatedOnToolsVersion = 14.3.1;
					};
					33F00D742ABCB4CC00A5D5B2 = {
						CreatedOnToolsVersion = 14.3.1;
						TestTargetID = 33F00D5B2ABCB4CB00A5D5B2;
					};
					33F00D7E2ABCB4CC00A5D5B2 = {
						CreatedOnToolsVersion = 14.3.1;
						TestTargetID = 33F00D5B2ABCB4CB00A5D5B2;
					};
				};
			};
			buildConfigurationList = 33F00D572ABCB4CB00A5D5B2 /* Build configuration list for PBXProject "Greedy Kings" */;
			compatibilityVersion = "Xcode 14.0";
			developmentRegion = en;
			hasScannedForEncodings = 0;
			knownRegions = (
				en,
				Base,
			);
			mainGroup = 33F00D532ABCB4CB00A5D5B2;
			packageReferences = (
				336A953C2AE21C0100F43B13 /* XCRemoteSwiftPackageReference "lottie-spm" */,
				336A953F2AE21C7B00F43B13 /* XCRemoteSwiftPackageReference "firebase-ios-sdk" */,
			);
			productRefGroup = 33F00D5D2ABCB4CB00A5D5B2 /* Products */;
			projectDirPath = "";
			projectRoot = "";
			targets = (
				33F00D5B2ABCB4CB00A5D5B2 /* Greedy Kings */,
				33F00D742ABCB4CC00A5D5B2 /* Greedy KingsTests */,
				33F00D7E2ABCB4CC00A5D5B2 /* Greedy KingsUITests */,
			);
		};
/* End PBXProject section */

/* Begin PBXResourcesBuildPhase section */
		33F00D5A2ABCB4CB00A5D5B2 /* Resources */ = {
			isa = PBXResourcesBuildPhase;
			buildActionMask = 2147483647;
			files = (
				336A94F82ADC657500F43B13 /* gameFinished.mp3 in Resources */,
				336A952F2AE1377000F43B13 /* animation4.json in Resources */,
				336A95192ADC7E2100F43B13 /* animation1.json in Resources */,
				336A94FC2ADC657500F43B13 /* hit2.mp3 in Resources */,
				336A95302AE1377000F43B13 /* strengthIndicator.json in Resources */,
				336A951B2ADC7E2100F43B13 /* animation3.json in Resources */,
				336A95002ADC657500F43B13 /* hit1.mp3 in Resources */,
				33F00D6F2ABCB4CC00A5D5B2 /* LaunchScreen.storyboard in Resources */,
				336A94F72ADC657500F43B13 /* menu.mp3 in Resources */,
				336A94F92ADC657500F43B13 /* hit3.mp3 in Resources */,
				336A94FD2ADC657500F43B13 /* miss.mp3 in Resources */,
				336A94FF2ADC657500F43B13 /* backgroundMusic1.mp3 in Resources */,
				336A951A2ADC7E2100F43B13 /* animation2.json in Resources */,
				33F00D6C2ABCB4CC00A5D5B2 /* Assets.xcassets in Resources */,
				33F00D672ABCB4CB00A5D5B2 /* Main.storyboard in Resources */,
				336A94FB2ADC657500F43B13 /* backgroundMusic2.mp3 in Resources */,
				336A95372AE1413B00F43B13 /* GoogleService-Info.plist in Resources */,
				336A94FE2ADC657500F43B13 /* shot1.mp3 in Resources */,
				336A94FA2ADC657500F43B13 /* shot2.mp3 in Resources */,
			);
			runOnlyForDeploymentPostprocessing = 0;
		};
		33F00D732ABCB4CC00A5D5B2 /* Resources */ = {
			isa = PBXResourcesBuildPhase;
			buildActionMask = 2147483647;
			files = (
			);
			runOnlyForDeploymentPostprocessing = 0;
		};
		33F00D7D2ABCB4CC00A5D5B2 /* Resources */ = {
			isa = PBXResourcesBuildPhase;
			buildActionMask = 2147483647;
			files = (
			);
			runOnlyForDeploymentPostprocessing = 0;
		};
/* End PBXResourcesBuildPhase section */

/* Begin PBXSourcesBuildPhase section */
		33F00D582ABCB4CB00A5D5B2 /* Sources */ = {
			isa = PBXSourcesBuildPhase;
			buildActionMask = 2147483647;
			files = (
				E8BBD4332ABFC8A70056E1E8 /* PlayerDataViewController.swift in Sources */,
				E8BBD40F2ABFA5460056E1E8 /* MainMenuViewController.swift in Sources */,
				33F00D642ABCB4CB00A5D5B2 /* RootViewController.swift in Sources */,
				33E8D3E02AD0456300C3892C /* PhysicsModels.swift in Sources */,
				E887FCAF2AD073D10056999E /* HealthManager.swift in Sources */,
				336A95392AE180D900F43B13 /* PauseViewController.swift in Sources */,
				E8BBD42F2ABFC7F90056E1E8 /* LeaderboardViewModel.swift in Sources */,
				33E8D3EF2AD52EBF00C3892C /* AudioModels.swift in Sources */,
				33F00DCB2ABDC4A200A5D5B2 /* LevelsModels.swift in Sources */,
				33F00DC72ABDC49800A5D5B2 /* LevelsViewModel.swift in Sources */,
				E8BBD42B2ABFC7E00056E1E8 /* LeaderboardModel.swift in Sources */,
				E8F44AD92ADC419900B2568F /* LevelCollectionViewCell.swift in Sources */,
				336A95242ADDD92300F43B13 /* UIView.swift in Sources */,
				E887FCAD2AD073BA0056999E /* GameModels.swift in Sources */,
				E8BBD46C2AC462300056E1E8 /* PickCharacterViewModel.swift in Sources */,
				E8F44ADF2ADE380400B2568F /* LeaderboardTableViewCell.swift in Sources */,
				33A2939A2ACB1B67008D9B9C /* PhysicsManager.swift in Sources */,
				336A95272ADEDE1E00F43B13 /* StorageModels.swift in Sources */,
				336A95212ADDCAB200F43B13 /* UIViewController.swift in Sources */,
				E8BBD4272ABFC7B80056E1E8 /* LeaderboardViewController.swift in Sources */,
				33F00DB32ABDC41700A5D5B2 /* MainMenuModels.swift in Sources */,
				E8BBD4682AC461FC0056E1E8 /* PickCharacterViewController.swift in Sources */,
				33E8D4352AD54B8B00C3892C /* HapticsManager.swift in Sources */,
				336A95052ADC6A0900F43B13 /* AnimationModels.swift in Sources */,
				33A293562AC44F00008D9B9C /* GameManager.swift in Sources */,
				33E8D43A2AD54B9D00C3892C /* HapticModels.swift in Sources */,
				33A293532AC44EF6008D9B9C /* LevelBuilder.swift in Sources */,
				33E8D3EA2AD52E9400C3892C /* AudioManager.swift in Sources */,
				33A2935D2AC46A4D008D9B9C /* LevelModel.swift in Sources */,
				E8BBD4232ABFC7600056E1E8 /* ResultViewController.swift in Sources */,
				33F00D602ABCB4CB00A5D5B2 /* AppDelegate.swift in Sources */,
				33F00D622ABCB4CB00A5D5B2 /* SceneDelegate.swift in Sources */,
				33E8D3E52AD2AB2600C3892C /* CGFloat.swift in Sources */,
				336A953B2AE20DE400F43B13 /* UIImage.swift in Sources */,
				E8BBD4742AC46ACD0056E1E8 /* CharacterCollectionViewCell.swift in Sources */,
				33F00DBF2ABDC45600A5D5B2 /* GameSceneModels.swift in Sources */,
				33F00DBB2ABDC44E00A5D5B2 /* GameSceneViewModel.swift in Sources */,
				33F00DB72ABDC42700A5D5B2 /* MainMenuViewModel.swift in Sources */,
				E8BBD4132ABFA57B0056E1E8 /* GameSceneViewController.swift in Sources */,
				336A952C2ADF1B8200F43B13 /* Notification.swift in Sources */,
				E8BBD4172ABFA5B30056E1E8 /* LevelsViewController.swift in Sources */,
				E8BBD4702AC462570056E1E8 /* PickCharacterModels.swift in Sources */,
				33A293612AC4B0D8008D9B9C /* StorageManager.swift in Sources */,
			);
			runOnlyForDeploymentPostprocessing = 0;
		};
		33F00D712ABCB4CC00A5D5B2 /* Sources */ = {
			isa = PBXSourcesBuildPhase;
			buildActionMask = 2147483647;
			files = (
				E8BBD4692AC461FC0056E1E8 /* PickCharacterViewController.swift in Sources */,
				33A541922AE2783400657E8E /* UIImage.swift in Sources */,
				E8BBD4712AC462570056E1E8 /* PickCharacterModels.swift in Sources */,
				33F00DBC2ABDC44E00A5D5B2 /* GameSceneViewModel.swift in Sources */,
				33A5416C2AE2742C00657E8E /* StorageManagerTests.swift in Sources */,
				E8BBD4142ABFA57B0056E1E8 /* GameSceneViewController.swift in Sources */,
				E8F44AE02ADE380400B2568F /* LeaderboardTableViewCell.swift in Sources */,
				E8BBD46D2AC462300056E1E8 /* PickCharacterViewModel.swift in Sources */,
				E8BBD4102ABFA5460056E1E8 /* MainMenuViewController.swift in Sources */,
				E8BBD4302ABFC7F90056E1E8 /* LeaderboardViewModel.swift in Sources */,
				E8BBD4752AC46ACD0056E1E8 /* CharacterCollectionViewCell.swift in Sources */,
				33A5418E2AE2782800657E8E /* UIView.swift in Sources */,
				E8BBD4242ABFC7600056E1E8 /* ResultViewController.swift in Sources */,
				33A5418C2AE2782300657E8E /* UIViewController.swift in Sources */,
				33A5416E2AE2745F00657E8E /* ExtensionsTests.swift in Sources */,
				33A541882AE277BD00657E8E /* StorageModels.swift in Sources */,
				E8BBD4342ABFC8A70056E1E8 /* PlayerDataViewController.swift in Sources */,
				33A541942AE2784800657E8E /* PauseViewController.swift in Sources */,
				33E8D3E12AD0456300C3892C /* PhysicsModels.swift in Sources */,
				33A541802AE2779B00657E8E /* GameModels.swift in Sources */,
				33F00DB42ABDC41700A5D5B2 /* MainMenuModels.swift in Sources */,
				33A293572AC44F00008D9B9C /* GameManager.swift in Sources */,
				E8F44ADA2ADC419900B2568F /* LevelCollectionViewCell.swift in Sources */,
				33E8D43B2AD54B9D00C3892C /* HapticModels.swift in Sources */,
				33A5418A2AE277FC00657E8E /* AnimationModels.swift in Sources */,
				33F00DC02ABDC45600A5D5B2 /* GameSceneModels.swift in Sources */,
				33F00DB82ABDC42700A5D5B2 /* MainMenuViewModel.swift in Sources */,
				33E8D3EB2AD52E9400C3892C /* AudioManager.swift in Sources */,
				33A2939B2ACB1B67008D9B9C /* PhysicsManager.swift in Sources */,
				33F00DCC2ABDC4A200A5D5B2 /* LevelsModels.swift in Sources */,
				33E8D3E62AD2AB2600C3892C /* CGFloat.swift in Sources */,
				33E8D4362AD54B8B00C3892C /* HapticsManager.swift in Sources */,
				33A293622AC4B0D8008D9B9C /* StorageManager.swift in Sources */,
				E8BBD4182ABFA5B30056E1E8 /* LevelsViewController.swift in Sources */,
				33F00DC82ABDC49800A5D5B2 /* LevelsViewModel.swift in Sources */,
				33A541812AE2779F00657E8E /* HealthManager.swift in Sources */,
				33A2935E2AC46A4D008D9B9C /* LevelModel.swift in Sources */,
				33A293542AC44EF6008D9B9C /* LevelBuilder.swift in Sources */,
				E8BBD4282ABFC7B80056E1E8 /* LeaderboardViewController.swift in Sources */,
				33E8D3F02AD52EBF00C3892C /* AudioModels.swift in Sources */,
				33A541722AE2748100657E8E /* LevelManagerTests.swift in Sources */,
				33A541902AE2783100657E8E /* Notification.swift in Sources */,
				33A541702AE2747100657E8E /* PhysicsManagerTests.swift in Sources */,
				E8BBD42C2ABFC7E00056E1E8 /* LeaderboardModel.swift in Sources */,
				33F00D7A2ABCB4CC00A5D5B2 /* GameManagerTests.swift in Sources */,
			);
			runOnlyForDeploymentPostprocessing = 0;
		};
		33F00D7B2ABCB4CC00A5D5B2 /* Sources */ = {
			isa = PBXSourcesBuildPhase;
			buildActionMask = 2147483647;
			files = (
				E8F44ADB2ADC419900B2568F /* LevelCollectionViewCell.swift in Sources */,
				33A541842AE277AA00657E8E /* GameManager.swift in Sources */,
				33E8D43C2AD54B9D00C3892C /* HapticModels.swift in Sources */,
				33A541892AE277BD00657E8E /* StorageModels.swift in Sources */,
				E8BBD4762AC46ACD0056E1E8 /* CharacterCollectionViewCell.swift in Sources */,
				33A541952AE2784900657E8E /* PauseViewController.swift in Sources */,
				33F00DB92ABDC42700A5D5B2 /* MainMenuViewModel.swift in Sources */,
				E8BBD4312ABFC7F90056E1E8 /* LeaderboardViewModel.swift in Sources */,
				E8BBD46E2AC462300056E1E8 /* PickCharacterViewModel.swift in Sources */,
				33A5418B2AE277FC00657E8E /* AnimationModels.swift in Sources */,
				E8BBD4352ABFC8A70056E1E8 /* PlayerDataViewController.swift in Sources */,
				33A541862AE277B200657E8E /* LevelModel.swift in Sources */,
				33E8D3F12AD52EBF00C3892C /* AudioModels.swift in Sources */,
				E8BBD4252ABFC7600056E1E8 /* ResultViewController.swift in Sources */,
				33A5418F2AE2782900657E8E /* UIView.swift in Sources */,
				33F00DC92ABDC49800A5D5B2 /* LevelsViewModel.swift in Sources */,
				33F00D842ABCB4CC00A5D5B2 /* Greedy_KingsUITests.swift in Sources */,
				33A541852AE277AF00657E8E /* LevelBuilder.swift in Sources */,
				33F00D862ABCB4CC00A5D5B2 /* Greedy_KingsUITestsLaunchTests.swift in Sources */,
				E8BBD42D2ABFC7E00056E1E8 /* LeaderboardModel.swift in Sources */,
				E8BBD4192ABFA5B30056E1E8 /* LevelsViewController.swift in Sources */,
				33A541872AE277B700657E8E /* StorageManager.swift in Sources */,
				E8BBD4112ABFA5460056E1E8 /* MainMenuViewController.swift in Sources */,
				E8F44AE12ADE380400B2568F /* LeaderboardTableViewCell.swift in Sources */,
				33A5418D2AE2782400657E8E /* UIViewController.swift in Sources */,
				E8BBD46A2AC461FC0056E1E8 /* PickCharacterViewController.swift in Sources */,
				33A541832AE277A700657E8E /* GameModels.swift in Sources */,
				33A541932AE2783400657E8E /* UIImage.swift in Sources */,
				33F00DBD2ABDC44E00A5D5B2 /* GameSceneViewModel.swift in Sources */,
				E8BBD4292ABFC7B80056E1E8 /* LeaderboardViewController.swift in Sources */,
				33A541822AE277A400657E8E /* HealthManager.swift in Sources */,
				33F00DB52ABDC41700A5D5B2 /* MainMenuModels.swift in Sources */,
				33E8D3E22AD0456300C3892C /* PhysicsModels.swift in Sources */,
				E8BBD4722AC462570056E1E8 /* PickCharacterModels.swift in Sources */,
				33F00DC12ABDC45600A5D5B2 /* GameSceneModels.swift in Sources */,
				33E8D3E72AD2AB2600C3892C /* CGFloat.swift in Sources */,
				33A2939C2ACB1B67008D9B9C /* PhysicsManager.swift in Sources */,
				33E8D4372AD54B8B00C3892C /* HapticsManager.swift in Sources */,
				33A541912AE2783100657E8E /* Notification.swift in Sources */,
				33E8D3EC2AD52E9400C3892C /* AudioManager.swift in Sources */,
				E8BBD4152ABFA57B0056E1E8 /* GameSceneViewController.swift in Sources */,
				33F00DCD2ABDC4A200A5D5B2 /* LevelsModels.swift in Sources */,
			);
			runOnlyForDeploymentPostprocessing = 0;
		};
/* End PBXSourcesBuildPhase section */

/* Begin PBXTargetDependency section */
		33F00D772ABCB4CC00A5D5B2 /* PBXTargetDependency */ = {
			isa = PBXTargetDependency;
			target = 33F00D5B2ABCB4CB00A5D5B2 /* Greedy Kings */;
			targetProxy = 33F00D762ABCB4CC00A5D5B2 /* PBXContainerItemProxy */;
		};
		33F00D812ABCB4CC00A5D5B2 /* PBXTargetDependency */ = {
			isa = PBXTargetDependency;
			target = 33F00D5B2ABCB4CB00A5D5B2 /* Greedy Kings */;
			targetProxy = 33F00D802ABCB4CC00A5D5B2 /* PBXContainerItemProxy */;
		};
/* End PBXTargetDependency section */

/* Begin PBXVariantGroup section */
		33F00D652ABCB4CB00A5D5B2 /* Main.storyboard */ = {
			isa = PBXVariantGroup;
			children = (
				33F00D662ABCB4CB00A5D5B2 /* Base */,
			);
			name = Main.storyboard;
			sourceTree = "<group>";
		};
		33F00D6D2ABCB4CC00A5D5B2 /* LaunchScreen.storyboard */ = {
			isa = PBXVariantGroup;
			children = (
				33F00D6E2ABCB4CC00A5D5B2 /* Base */,
			);
			name = LaunchScreen.storyboard;
			sourceTree = "<group>";
		};
/* End PBXVariantGroup section */

/* Begin XCBuildConfiguration section */
		33F00D872ABCB4CC00A5D5B2 /* Debug */ = {
			isa = XCBuildConfiguration;
			buildSettings = {
				ALWAYS_SEARCH_USER_PATHS = NO;
				CLANG_ANALYZER_NONNULL = YES;
				CLANG_ANALYZER_NUMBER_OBJECT_CONVERSION = YES_AGGRESSIVE;
				CLANG_CXX_LANGUAGE_STANDARD = "gnu++20";
				CLANG_ENABLE_MODULES = YES;
				CLANG_ENABLE_OBJC_ARC = YES;
				CLANG_ENABLE_OBJC_WEAK = YES;
				CLANG_WARN_BLOCK_CAPTURE_AUTORELEASING = YES;
				CLANG_WARN_BOOL_CONVERSION = YES;
				CLANG_WARN_COMMA = YES;
				CLANG_WARN_CONSTANT_CONVERSION = YES;
				CLANG_WARN_DEPRECATED_OBJC_IMPLEMENTATIONS = YES;
				CLANG_WARN_DIRECT_OBJC_ISA_USAGE = YES_ERROR;
				CLANG_WARN_DOCUMENTATION_COMMENTS = YES;
				CLANG_WARN_EMPTY_BODY = YES;
				CLANG_WARN_ENUM_CONVERSION = YES;
				CLANG_WARN_INFINITE_RECURSION = YES;
				CLANG_WARN_INT_CONVERSION = YES;
				CLANG_WARN_NON_LITERAL_NULL_CONVERSION = YES;
				CLANG_WARN_OBJC_IMPLICIT_RETAIN_SELF = YES;
				CLANG_WARN_OBJC_LITERAL_CONVERSION = YES;
				CLANG_WARN_OBJC_ROOT_CLASS = YES_ERROR;
				CLANG_WARN_QUOTED_INCLUDE_IN_FRAMEWORK_HEADER = YES;
				CLANG_WARN_RANGE_LOOP_ANALYSIS = YES;
				CLANG_WARN_STRICT_PROTOTYPES = YES;
				CLANG_WARN_SUSPICIOUS_MOVE = YES;
				CLANG_WARN_UNGUARDED_AVAILABILITY = YES_AGGRESSIVE;
				CLANG_WARN_UNREACHABLE_CODE = YES;
				CLANG_WARN__DUPLICATE_METHOD_MATCH = YES;
				COPY_PHASE_STRIP = NO;
				DEBUG_INFORMATION_FORMAT = dwarf;
				ENABLE_STRICT_OBJC_MSGSEND = YES;
				ENABLE_TESTABILITY = YES;
				GCC_C_LANGUAGE_STANDARD = gnu11;
				GCC_DYNAMIC_NO_PIC = NO;
				GCC_NO_COMMON_BLOCKS = YES;
				GCC_OPTIMIZATION_LEVEL = 0;
				GCC_PREPROCESSOR_DEFINITIONS = (
					"DEBUG=1",
					"$(inherited)",
				);
				GCC_WARN_64_TO_32_BIT_CONVERSION = YES;
				GCC_WARN_ABOUT_RETURN_TYPE = YES_ERROR;
				GCC_WARN_UNDECLARED_SELECTOR = YES;
				GCC_WARN_UNINITIALIZED_AUTOS = YES_AGGRESSIVE;
				GCC_WARN_UNUSED_FUNCTION = YES;
				GCC_WARN_UNUSED_VARIABLE = YES;
				IPHONEOS_DEPLOYMENT_TARGET = 16.0;
				MTL_ENABLE_DEBUG_INFO = INCLUDE_SOURCE;
				MTL_FAST_MATH = YES;
				ONLY_ACTIVE_ARCH = YES;
				SDKROOT = iphoneos;
				SWIFT_ACTIVE_COMPILATION_CONDITIONS = DEBUG;
				SWIFT_OPTIMIZATION_LEVEL = "-Onone";
			};
			name = Debug;
		};
		33F00D882ABCB4CC00A5D5B2 /* Release */ = {
			isa = XCBuildConfiguration;
			buildSettings = {
				ALWAYS_SEARCH_USER_PATHS = NO;
				CLANG_ANALYZER_NONNULL = YES;
				CLANG_ANALYZER_NUMBER_OBJECT_CONVERSION = YES_AGGRESSIVE;
				CLANG_CXX_LANGUAGE_STANDARD = "gnu++20";
				CLANG_ENABLE_MODULES = YES;
				CLANG_ENABLE_OBJC_ARC = YES;
				CLANG_ENABLE_OBJC_WEAK = YES;
				CLANG_WARN_BLOCK_CAPTURE_AUTORELEASING = YES;
				CLANG_WARN_BOOL_CONVERSION = YES;
				CLANG_WARN_COMMA = YES;
				CLANG_WARN_CONSTANT_CONVERSION = YES;
				CLANG_WARN_DEPRECATED_OBJC_IMPLEMENTATIONS = YES;
				CLANG_WARN_DIRECT_OBJC_ISA_USAGE = YES_ERROR;
				CLANG_WARN_DOCUMENTATION_COMMENTS = YES;
				CLANG_WARN_EMPTY_BODY = YES;
				CLANG_WARN_ENUM_CONVERSION = YES;
				CLANG_WARN_INFINITE_RECURSION = YES;
				CLANG_WARN_INT_CONVERSION = YES;
				CLANG_WARN_NON_LITERAL_NULL_CONVERSION = YES;
				CLANG_WARN_OBJC_IMPLICIT_RETAIN_SELF = YES;
				CLANG_WARN_OBJC_LITERAL_CONVERSION = YES;
				CLANG_WARN_OBJC_ROOT_CLASS = YES_ERROR;
				CLANG_WARN_QUOTED_INCLUDE_IN_FRAMEWORK_HEADER = YES;
				CLANG_WARN_RANGE_LOOP_ANALYSIS = YES;
				CLANG_WARN_STRICT_PROTOTYPES = YES;
				CLANG_WARN_SUSPICIOUS_MOVE = YES;
				CLANG_WARN_UNGUARDED_AVAILABILITY = YES_AGGRESSIVE;
				CLANG_WARN_UNREACHABLE_CODE = YES;
				CLANG_WARN__DUPLICATE_METHOD_MATCH = YES;
				COPY_PHASE_STRIP = NO;
				DEBUG_INFORMATION_FORMAT = "dwarf-with-dsym";
				ENABLE_NS_ASSERTIONS = NO;
				ENABLE_STRICT_OBJC_MSGSEND = YES;
				GCC_C_LANGUAGE_STANDARD = gnu11;
				GCC_NO_COMMON_BLOCKS = YES;
				GCC_WARN_64_TO_32_BIT_CONVERSION = YES;
				GCC_WARN_ABOUT_RETURN_TYPE = YES_ERROR;
				GCC_WARN_UNDECLARED_SELECTOR = YES;
				GCC_WARN_UNINITIALIZED_AUTOS = YES_AGGRESSIVE;
				GCC_WARN_UNUSED_FUNCTION = YES;
				GCC_WARN_UNUSED_VARIABLE = YES;
				IPHONEOS_DEPLOYMENT_TARGET = 16.0;
				MTL_ENABLE_DEBUG_INFO = NO;
				MTL_FAST_MATH = YES;
				SDKROOT = iphoneos;
				SWIFT_COMPILATION_MODE = wholemodule;
				SWIFT_OPTIMIZATION_LEVEL = "-O";
				VALIDATE_PRODUCT = YES;
			};
			name = Release;
		};
		33F00D8A2ABCB4CC00A5D5B2 /* Debug */ = {
			isa = XCBuildConfiguration;
			buildSettings = {
				ASSETCATALOG_COMPILER_APPICON_NAME = AppIcon;
				ASSETCATALOG_COMPILER_GLOBAL_ACCENT_COLOR_NAME = AccentColor;
				CODE_SIGN_STYLE = Automatic;
				CURRENT_PROJECT_VERSION = 1;
				DEVELOPMENT_TEAM = SZF3LG898Y;
				GENERATE_INFOPLIST_FILE = YES;
				INFOPLIST_FILE = "Greedy Kings/Info.plist";
				INFOPLIST_KEY_UIApplicationSupportsIndirectInputEvents = YES;
				INFOPLIST_KEY_UILaunchStoryboardName = LaunchScreen;
				INFOPLIST_KEY_UIMainStoryboardFile = Main;
				INFOPLIST_KEY_UISupportedInterfaceOrientations = "UIInterfaceOrientationLandscapeLeft UIInterfaceOrientationLandscapeRight";
				INFOPLIST_KEY_UISupportedInterfaceOrientations_iPad = "UIInterfaceOrientationLandscapeLeft UIInterfaceOrientationLandscapeRight UIInterfaceOrientationPortrait UIInterfaceOrientationPortraitUpsideDown";
				IPHONEOS_DEPLOYMENT_TARGET = 16.0;
				LD_RUNPATH_SEARCH_PATHS = (
					"$(inherited)",
					"@executable_path/Frameworks",
				);
				MARKETING_VERSION = 1.0;
				PRODUCT_BUNDLE_IDENTIFIER = "xetpyrc.Greedy-Kings";
				PRODUCT_NAME = "$(TARGET_NAME)";
				SUPPORTED_PLATFORMS = "iphoneos iphonesimulator";
				SUPPORTS_MACCATALYST = NO;
				SUPPORTS_MAC_DESIGNED_FOR_IPHONE_IPAD = NO;
				SWIFT_EMIT_LOC_STRINGS = YES;
				SWIFT_VERSION = 5.0;
				TARGETED_DEVICE_FAMILY = 1;
			};
			name = Debug;
		};
		33F00D8B2ABCB4CC00A5D5B2 /* Release */ = {
			isa = XCBuildConfiguration;
			buildSettings = {
				ASSETCATALOG_COMPILER_APPICON_NAME = AppIcon;
				ASSETCATALOG_COMPILER_GLOBAL_ACCENT_COLOR_NAME = AccentColor;
				CODE_SIGN_STYLE = Automatic;
				CURRENT_PROJECT_VERSION = 1;
				DEVELOPMENT_TEAM = SZF3LG898Y;
				GENERATE_INFOPLIST_FILE = YES;
				INFOPLIST_FILE = "Greedy Kings/Info.plist";
				INFOPLIST_KEY_UIApplicationSupportsIndirectInputEvents = YES;
				INFOPLIST_KEY_UILaunchStoryboardName = LaunchScreen;
				INFOPLIST_KEY_UIMainStoryboardFile = Main;
				INFOPLIST_KEY_UISupportedInterfaceOrientations = "UIInterfaceOrientationLandscapeLeft UIInterfaceOrientationLandscapeRight";
				INFOPLIST_KEY_UISupportedInterfaceOrientations_iPad = "UIInterfaceOrientationLandscapeLeft UIInterfaceOrientationLandscapeRight UIInterfaceOrientationPortrait UIInterfaceOrientationPortraitUpsideDown";
				IPHONEOS_DEPLOYMENT_TARGET = 16.0;
				LD_RUNPATH_SEARCH_PATHS = (
					"$(inherited)",
					"@executable_path/Frameworks",
				);
				MARKETING_VERSION = 1.0;
				PRODUCT_BUNDLE_IDENTIFIER = "xetpyrc.Greedy-Kings";
				PRODUCT_NAME = "$(TARGET_NAME)";
				SUPPORTED_PLATFORMS = "iphoneos iphonesimulator";
				SUPPORTS_MACCATALYST = NO;
				SUPPORTS_MAC_DESIGNED_FOR_IPHONE_IPAD = NO;
				SWIFT_EMIT_LOC_STRINGS = YES;
				SWIFT_VERSION = 5.0;
				TARGETED_DEVICE_FAMILY = 1;
			};
			name = Release;
		};
		33F00D8D2ABCB4CC00A5D5B2 /* Debug */ = {
			isa = XCBuildConfiguration;
			buildSettings = {
				ALWAYS_EMBED_SWIFT_STANDARD_LIBRARIES = YES;
				BUNDLE_LOADER = "$(TEST_HOST)";
				CODE_SIGN_STYLE = Automatic;
				CURRENT_PROJECT_VERSION = 1;
				DEVELOPMENT_TEAM = SZF3LG898Y;
				GENERATE_INFOPLIST_FILE = YES;
				IPHONEOS_DEPLOYMENT_TARGET = 16.0;
				MARKETING_VERSION = 1.0;
				PRODUCT_BUNDLE_IDENTIFIER = "xetpyrc.Greedy-KingsTests";
				PRODUCT_NAME = "$(TARGET_NAME)";
				SUPPORTED_PLATFORMS = "iphoneos iphonesimulator";
				SUPPORTS_MACCATALYST = NO;
				SUPPORTS_MAC_DESIGNED_FOR_IPHONE_IPAD = NO;
				SWIFT_EMIT_LOC_STRINGS = NO;
				SWIFT_VERSION = 5.0;
				TARGETED_DEVICE_FAMILY = 1;
				TEST_HOST = "$(BUILT_PRODUCTS_DIR)/Greedy Kings.app/$(BUNDLE_EXECUTABLE_FOLDER_PATH)/Greedy Kings";
			};
			name = Debug;
		};
		33F00D8E2ABCB4CC00A5D5B2 /* Release */ = {
			isa = XCBuildConfiguration;
			buildSettings = {
				ALWAYS_EMBED_SWIFT_STANDARD_LIBRARIES = YES;
				BUNDLE_LOADER = "$(TEST_HOST)";
				CODE_SIGN_STYLE = Automatic;
				CURRENT_PROJECT_VERSION = 1;
				DEVELOPMENT_TEAM = SZF3LG898Y;
				GENERATE_INFOPLIST_FILE = YES;
				IPHONEOS_DEPLOYMENT_TARGET = 16.0;
				MARKETING_VERSION = 1.0;
				PRODUCT_BUNDLE_IDENTIFIER = "xetpyrc.Greedy-KingsTests";
				PRODUCT_NAME = "$(TARGET_NAME)";
				SUPPORTED_PLATFORMS = "iphoneos iphonesimulator";
				SUPPORTS_MACCATALYST = NO;
				SUPPORTS_MAC_DESIGNED_FOR_IPHONE_IPAD = NO;
				SWIFT_EMIT_LOC_STRINGS = NO;
				SWIFT_VERSION = 5.0;
				TARGETED_DEVICE_FAMILY = 1;
				TEST_HOST = "$(BUILT_PRODUCTS_DIR)/Greedy Kings.app/$(BUNDLE_EXECUTABLE_FOLDER_PATH)/Greedy Kings";
			};
			name = Release;
		};
		33F00D902ABCB4CC00A5D5B2 /* Debug */ = {
			isa = XCBuildConfiguration;
			buildSettings = {
				ALWAYS_EMBED_SWIFT_STANDARD_LIBRARIES = YES;
				CODE_SIGN_STYLE = Automatic;
				CURRENT_PROJECT_VERSION = 1;
				DEVELOPMENT_TEAM = SZF3LG898Y;
				GENERATE_INFOPLIST_FILE = YES;
				IPHONEOS_DEPLOYMENT_TARGET = 16.0;
				MARKETING_VERSION = 1.0;
				PRODUCT_BUNDLE_IDENTIFIER = "xetpyrc.Greedy-KingsUITests";
				PRODUCT_NAME = "$(TARGET_NAME)";
				SUPPORTED_PLATFORMS = "iphoneos iphonesimulator";
				SUPPORTS_MACCATALYST = NO;
				SUPPORTS_MAC_DESIGNED_FOR_IPHONE_IPAD = NO;
				SWIFT_EMIT_LOC_STRINGS = NO;
				SWIFT_VERSION = 5.0;
				TARGETED_DEVICE_FAMILY = 1;
				TEST_TARGET_NAME = "Greedy Kings";
			};
			name = Debug;
		};
		33F00D912ABCB4CC00A5D5B2 /* Release */ = {
			isa = XCBuildConfiguration;
			buildSettings = {
				ALWAYS_EMBED_SWIFT_STANDARD_LIBRARIES = YES;
				CODE_SIGN_STYLE = Automatic;
				CURRENT_PROJECT_VERSION = 1;
				DEVELOPMENT_TEAM = SZF3LG898Y;
				GENERATE_INFOPLIST_FILE = YES;
				IPHONEOS_DEPLOYMENT_TARGET = 16.0;
				MARKETING_VERSION = 1.0;
				PRODUCT_BUNDLE_IDENTIFIER = "xetpyrc.Greedy-KingsUITests";
				PRODUCT_NAME = "$(TARGET_NAME)";
				SUPPORTED_PLATFORMS = "iphoneos iphonesimulator";
				SUPPORTS_MACCATALYST = NO;
				SUPPORTS_MAC_DESIGNED_FOR_IPHONE_IPAD = NO;
				SWIFT_EMIT_LOC_STRINGS = NO;
				SWIFT_VERSION = 5.0;
				TARGETED_DEVICE_FAMILY = 1;
				TEST_TARGET_NAME = "Greedy Kings";
			};
			name = Release;
		};
/* End XCBuildConfiguration section */

/* Begin XCConfigurationList section */
		33F00D572ABCB4CB00A5D5B2 /* Build configuration list for PBXProject "Greedy Kings" */ = {
			isa = XCConfigurationList;
			buildConfigurations = (
				33F00D872ABCB4CC00A5D5B2 /* Debug */,
				33F00D882ABCB4CC00A5D5B2 /* Release */,
			);
			defaultConfigurationIsVisible = 0;
			defaultConfigurationName = Release;
		};
		33F00D892ABCB4CC00A5D5B2 /* Build configuration list for PBXNativeTarget "Greedy Kings" */ = {
			isa = XCConfigurationList;
			buildConfigurations = (
				33F00D8A2ABCB4CC00A5D5B2 /* Debug */,
				33F00D8B2ABCB4CC00A5D5B2 /* Release */,
			);
			defaultConfigurationIsVisible = 0;
			defaultConfigurationName = Release;
		};
		33F00D8C2ABCB4CC00A5D5B2 /* Build configuration list for PBXNativeTarget "Greedy KingsTests" */ = {
			isa = XCConfigurationList;
			buildConfigurations = (
				33F00D8D2ABCB4CC00A5D5B2 /* Debug */,
				33F00D8E2ABCB4CC00A5D5B2 /* Release */,
			);
			defaultConfigurationIsVisible = 0;
			defaultConfigurationName = Release;
		};
		33F00D8F2ABCB4CC00A5D5B2 /* Build configuration list for PBXNativeTarget "Greedy KingsUITests" */ = {
			isa = XCConfigurationList;
			buildConfigurations = (
				33F00D902ABCB4CC00A5D5B2 /* Debug */,
				33F00D912ABCB4CC00A5D5B2 /* Release */,
			);
			defaultConfigurationIsVisible = 0;
			defaultConfigurationName = Release;
		};
/* End XCConfigurationList section */

/* Begin XCRemoteSwiftPackageReference section */
		336A953C2AE21C0100F43B13 /* XCRemoteSwiftPackageReference "lottie-spm" */ = {
			isa = XCRemoteSwiftPackageReference;
			repositoryURL = "https://github.com/airbnb/lottie-spm.git";
			requirement = {
				kind = upToNextMajorVersion;
				minimumVersion = 4.0.0;
			};
		};
		336A953F2AE21C7B00F43B13 /* XCRemoteSwiftPackageReference "firebase-ios-sdk" */ = {
			isa = XCRemoteSwiftPackageReference;
			repositoryURL = "https://github.com/firebase/firebase-ios-sdk";
			requirement = {
				kind = upToNextMajorVersion;
				minimumVersion = 10.0.0;
			};
		};
/* End XCRemoteSwiftPackageReference section */

/* Begin XCSwiftPackageProductDependency section */
		336A953D2AE21C0100F43B13 /* Lottie */ = {
			isa = XCSwiftPackageProductDependency;
			package = 336A953C2AE21C0100F43B13 /* XCRemoteSwiftPackageReference "lottie-spm" */;
			productName = Lottie;
		};
		336A95402AE21C7B00F43B13 /* FirebaseAnalyticsWithoutAdIdSupport */ = {
			isa = XCSwiftPackageProductDependency;
			package = 336A953F2AE21C7B00F43B13 /* XCRemoteSwiftPackageReference "firebase-ios-sdk" */;
			productName = FirebaseAnalyticsWithoutAdIdSupport;
		};
		336A95422AE21C7B00F43B13 /* FirebaseCrashlytics */ = {
			isa = XCSwiftPackageProductDependency;
			package = 336A953F2AE21C7B00F43B13 /* XCRemoteSwiftPackageReference "firebase-ios-sdk" */;
			productName = FirebaseCrashlytics;
		};
		33A541762AE274D400657E8E /* FirebaseAnalyticsWithoutAdIdSupport */ = {
			isa = XCSwiftPackageProductDependency;
			package = 336A953F2AE21C7B00F43B13 /* XCRemoteSwiftPackageReference "firebase-ios-sdk" */;
			productName = FirebaseAnalyticsWithoutAdIdSupport;
		};
		33A541782AE274D400657E8E /* FirebaseCrashlytics */ = {
			isa = XCSwiftPackageProductDependency;
			package = 336A953F2AE21C7B00F43B13 /* XCRemoteSwiftPackageReference "firebase-ios-sdk" */;
			productName = FirebaseCrashlytics;
		};
		33A5417C2AE274E300657E8E /* FirebaseAnalytics */ = {
			isa = XCSwiftPackageProductDependency;
			package = 336A953F2AE21C7B00F43B13 /* XCRemoteSwiftPackageReference "firebase-ios-sdk" */;
			productName = FirebaseAnalytics;
		};
		33A5417E2AE274E300657E8E /* FirebaseCrashlytics */ = {
			isa = XCSwiftPackageProductDependency;
			package = 336A953F2AE21C7B00F43B13 /* XCRemoteSwiftPackageReference "firebase-ios-sdk" */;
			productName = FirebaseCrashlytics;
		};
/* End XCSwiftPackageProductDependency section */
	};
	rootObject = 33F00D542ABCB4CB00A5D5B2 /* Project object */;
}
